// !$*UTF8*$!
{
	archiveVersion = 1;
	classes = {
	};
	objectVersion = 56;
	objects = {

/* Begin PBXBuildFile section */
		C9003C082C4A26EB00857FB0 /* TravelTalkCollectionViewController.swift in Sources */ = {isa = PBXBuildFile; fileRef = C9003C072C4A26EB00857FB0 /* TravelTalkCollectionViewController.swift */; };
		C9003C0B2C4A27F300857FB0 /* SnapKit in Frameworks */ = {isa = PBXBuildFile; productRef = C9003C0A2C4A27F300857FB0 /* SnapKit */; };
		C9CD88172C09CAFE00E63995 /* AppDelegate.swift in Sources */ = {isa = PBXBuildFile; fileRef = C9CD88162C09CAFE00E63995 /* AppDelegate.swift */; };
		C9CD88192C09CAFE00E63995 /* SceneDelegate.swift in Sources */ = {isa = PBXBuildFile; fileRef = C9CD88182C09CAFE00E63995 /* SceneDelegate.swift */; };
		C9CD881E2C09CAFE00E63995 /* Base in Resources */ = {isa = PBXBuildFile; fileRef = C9CD881D2C09CAFE00E63995 /* Base */; };
		C9CD88202C09CAFF00E63995 /* Assets.xcassets in Resources */ = {isa = PBXBuildFile; fileRef = C9CD881F2C09CAFF00E63995 /* Assets.xcassets */; };
		C9CD88232C09CAFF00E63995 /* Base in Resources */ = {isa = PBXBuildFile; fileRef = C9CD88222C09CAFF00E63995 /* Base */; };
		C9DC5CFC2C0B39BB00BD64DD /* TravelTalkViewController.swift in Sources */ = {isa = PBXBuildFile; fileRef = C9DC5CFB2C0B39BB00BD64DD /* TravelTalkViewController.swift */; };
		C9DC5CFE2C0B3A0400BD64DD /* ChatList.storyboard in Resources */ = {isa = PBXBuildFile; fileRef = C9DC5CFD2C0B3A0400BD64DD /* ChatList.storyboard */; };
		C9DC5D012C0B3A5700BD64DD /* Identifier+.swift in Sources */ = {isa = PBXBuildFile; fileRef = C9DC5D002C0B3A5700BD64DD /* Identifier+.swift */; };
		C9DC5D032C0B3A9B00BD64DD /* UIViewController+.swift in Sources */ = {isa = PBXBuildFile; fileRef = C9DC5D022C0B3A9B00BD64DD /* UIViewController+.swift */; };
		C9DC5D052C0B3AD200BD64DD /* UITableViewCell+.swift in Sources */ = {isa = PBXBuildFile; fileRef = C9DC5D042C0B3AD200BD64DD /* UITableViewCell+.swift */; };
		C9DC5D082C0B3F5C00BD64DD /* ChatListTableViewCell.swift in Sources */ = {isa = PBXBuildFile; fileRef = C9DC5D062C0B3F5C00BD64DD /* ChatListTableViewCell.swift */; };
		C9DC5D092C0B3F5C00BD64DD /* ChatListTableViewCell.xib in Resources */ = {isa = PBXBuildFile; fileRef = C9DC5D072C0B3F5C00BD64DD /* ChatListTableViewCell.xib */; };
		C9DC5D0B2C0B4A1E00BD64DD /* ChattingData.swift in Sources */ = {isa = PBXBuildFile; fileRef = C9DC5D0A2C0B4A1E00BD64DD /* ChattingData.swift */; };
		C9DC5D142C0B63E000BD64DD /* ChatDetail.storyboard in Resources */ = {isa = PBXBuildFile; fileRef = C9DC5D132C0B63E000BD64DD /* ChatDetail.storyboard */; };
		C9DC5D162C0B63F900BD64DD /* ChatDetailViewController.swift in Sources */ = {isa = PBXBuildFile; fileRef = C9DC5D152C0B63F900BD64DD /* ChatDetailViewController.swift */; };
		C9DC5D1A2C0B687100BD64DD /* ChatDetailFromTableViewCell.swift in Sources */ = {isa = PBXBuildFile; fileRef = C9DC5D182C0B687100BD64DD /* ChatDetailFromTableViewCell.swift */; };
		C9DC5D1B2C0B687100BD64DD /* ChatDetailFromTableViewCell.xib in Resources */ = {isa = PBXBuildFile; fileRef = C9DC5D192C0B687100BD64DD /* ChatDetailFromTableViewCell.xib */; };
		C9DC5D1E2C0B687E00BD64DD /* ChatDetailToTableViewCell.swift in Sources */ = {isa = PBXBuildFile; fileRef = C9DC5D1C2C0B687E00BD64DD /* ChatDetailToTableViewCell.swift */; };
		C9DC5D1F2C0B687E00BD64DD /* ChatDetailToTableViewCell.xib in Resources */ = {isa = PBXBuildFile; fileRef = C9DC5D1D2C0B687E00BD64DD /* ChatDetailToTableViewCell.xib */; };
		C9F03A102C0DD3CE00E82D00 /* Date+.swift in Sources */ = {isa = PBXBuildFile; fileRef = C9F03A0F2C0DD3CE00E82D00 /* Date+.swift */; };
/* End PBXBuildFile section */

/* Begin PBXFileReference section */
		C9003C072C4A26EB00857FB0 /* TravelTalkCollectionViewController.swift */ = {isa = PBXFileReference; lastKnownFileType = sourcecode.swift; path = TravelTalkCollectionViewController.swift; sourceTree = "<group>"; };
		C9CD88132C09CAFE00E63995 /* TravelTalk.app */ = {isa = PBXFileReference; explicitFileType = wrapper.application; includeInIndex = 0; path = TravelTalk.app; sourceTree = BUILT_PRODUCTS_DIR; };
		C9CD88162C09CAFE00E63995 /* AppDelegate.swift */ = {isa = PBXFileReference; lastKnownFileType = sourcecode.swift; path = AppDelegate.swift; sourceTree = "<group>"; };
		C9CD88182C09CAFE00E63995 /* SceneDelegate.swift */ = {isa = PBXFileReference; lastKnownFileType = sourcecode.swift; path = SceneDelegate.swift; sourceTree = "<group>"; };
		C9CD881D2C09CAFE00E63995 /* Base */ = {isa = PBXFileReference; lastKnownFileType = file.storyboard; name = Base; path = Base.lproj/Main.storyboard; sourceTree = "<group>"; };
		C9CD881F2C09CAFF00E63995 /* Assets.xcassets */ = {isa = PBXFileReference; lastKnownFileType = folder.assetcatalog; path = Assets.xcassets; sourceTree = "<group>"; };
		C9CD88222C09CAFF00E63995 /* Base */ = {isa = PBXFileReference; lastKnownFileType = file.storyboard; name = Base; path = Base.lproj/LaunchScreen.storyboard; sourceTree = "<group>"; };
		C9CD88242C09CAFF00E63995 /* Info.plist */ = {isa = PBXFileReference; lastKnownFileType = text.plist.xml; path = Info.plist; sourceTree = "<group>"; };
		C9DC5CFB2C0B39BB00BD64DD /* TravelTalkViewController.swift */ = {isa = PBXFileReference; lastKnownFileType = sourcecode.swift; path = TravelTalkViewController.swift; sourceTree = "<group>"; };
		C9DC5CFD2C0B3A0400BD64DD /* ChatList.storyboard */ = {isa = PBXFileReference; lastKnownFileType = file.storyboard; path = ChatList.storyboard; sourceTree = "<group>"; };
		C9DC5D002C0B3A5700BD64DD /* Identifier+.swift */ = {isa = PBXFileReference; lastKnownFileType = sourcecode.swift; path = "Identifier+.swift"; sourceTree = "<group>"; };
		C9DC5D022C0B3A9B00BD64DD /* UIViewController+.swift */ = {isa = PBXFileReference; lastKnownFileType = sourcecode.swift; path = "UIViewController+.swift"; sourceTree = "<group>"; };
		C9DC5D042C0B3AD200BD64DD /* UITableViewCell+.swift */ = {isa = PBXFileReference; lastKnownFileType = sourcecode.swift; path = "UITableViewCell+.swift"; sourceTree = "<group>"; };
		C9DC5D062C0B3F5C00BD64DD /* ChatListTableViewCell.swift */ = {isa = PBXFileReference; lastKnownFileType = sourcecode.swift; path = ChatListTableViewCell.swift; sourceTree = "<group>"; };
		C9DC5D072C0B3F5C00BD64DD /* ChatListTableViewCell.xib */ = {isa = PBXFileReference; lastKnownFileType = file.xib; path = ChatListTableViewCell.xib; sourceTree = "<group>"; };
		C9DC5D0A2C0B4A1E00BD64DD /* ChattingData.swift */ = {isa = PBXFileReference; fileEncoding = 4; lastKnownFileType = sourcecode.swift; path = ChattingData.swift; sourceTree = "<group>"; };
		C9DC5D132C0B63E000BD64DD /* ChatDetail.storyboard */ = {isa = PBXFileReference; lastKnownFileType = file.storyboard; path = ChatDetail.storyboard; sourceTree = "<group>"; };
		C9DC5D152C0B63F900BD64DD /* ChatDetailViewController.swift */ = {isa = PBXFileReference; lastKnownFileType = sourcecode.swift; path = ChatDetailViewController.swift; sourceTree = "<group>"; };
		C9DC5D182C0B687100BD64DD /* ChatDetailFromTableViewCell.swift */ = {isa = PBXFileReference; lastKnownFileType = sourcecode.swift; path = ChatDetailFromTableViewCell.swift; sourceTree = "<group>"; };
		C9DC5D192C0B687100BD64DD /* ChatDetailFromTableViewCell.xib */ = {isa = PBXFileReference; lastKnownFileType = file.xib; path = ChatDetailFromTableViewCell.xib; sourceTree = "<group>"; };
		C9DC5D1C2C0B687E00BD64DD /* ChatDetailToTableViewCell.swift */ = {isa = PBXFileReference; lastKnownFileType = sourcecode.swift; path = ChatDetailToTableViewCell.swift; sourceTree = "<group>"; };
		C9DC5D1D2C0B687E00BD64DD /* ChatDetailToTableViewCell.xib */ = {isa = PBXFileReference; lastKnownFileType = file.xib; path = ChatDetailToTableViewCell.xib; sourceTree = "<group>"; };
		C9F03A0F2C0DD3CE00E82D00 /* Date+.swift */ = {isa = PBXFileReference; lastKnownFileType = sourcecode.swift; path = "Date+.swift"; sourceTree = "<group>"; };
/* End PBXFileReference section */

/* Begin PBXFrameworksBuildPhase section */
		C9CD88102C09CAFE00E63995 /* Frameworks */ = {
			isa = PBXFrameworksBuildPhase;
			buildActionMask = 2147483647;
			files = (
				C9003C0B2C4A27F300857FB0 /* SnapKit in Frameworks */,
			);
			runOnlyForDeploymentPostprocessing = 0;
		};
/* End PBXFrameworksBuildPhase section */

/* Begin PBXGroup section */
		C9CD880A2C09CAFE00E63995 = {
			isa = PBXGroup;
			children = (
				C9CD88152C09CAFE00E63995 /* TravelTalk */,
				C9CD88142C09CAFE00E63995 /* Products */,
			);
			sourceTree = "<group>";
		};
		C9CD88142C09CAFE00E63995 /* Products */ = {
			isa = PBXGroup;
			children = (
				C9CD88132C09CAFE00E63995 /* TravelTalk.app */,
			);
			name = Products;
			sourceTree = "<group>";
		};
		C9CD88152C09CAFE00E63995 /* TravelTalk */ = {
			isa = PBXGroup;
			children = (
				C9CD88162C09CAFE00E63995 /* AppDelegate.swift */,
				C9CD88182C09CAFE00E63995 /* SceneDelegate.swift */,
				C9DC5D0A2C0B4A1E00BD64DD /* ChattingData.swift */,
				C9DC5CFF2C0B3A4700BD64DD /* extension */,
				C9DC5D172C0B683600BD64DD /* ChatDetailCell */,
				C9DC5D122C0B63CE00BD64DD /* ChatDetail */,
				C9DC5D112C0B63BB00BD64DD /* ChatListCell */,
				C9DC5D102C0B63AD00BD64DD /* ChatList */,
				C9CD881C2C09CAFE00E63995 /* Main.storyboard */,
				C9CD881F2C09CAFF00E63995 /* Assets.xcassets */,
				C9CD88212C09CAFF00E63995 /* LaunchScreen.storyboard */,
				C9CD88242C09CAFF00E63995 /* Info.plist */,
			);
			path = TravelTalk;
			sourceTree = "<group>";
		};
		C9DC5CFF2C0B3A4700BD64DD /* extension */ = {
			isa = PBXGroup;
			children = (
				C9DC5D002C0B3A5700BD64DD /* Identifier+.swift */,
				C9DC5D022C0B3A9B00BD64DD /* UIViewController+.swift */,
				C9DC5D042C0B3AD200BD64DD /* UITableViewCell+.swift */,
				C9F03A0F2C0DD3CE00E82D00 /* Date+.swift */,
			);
			path = extension;
			sourceTree = "<group>";
		};
		C9DC5D102C0B63AD00BD64DD /* ChatList */ = {
			isa = PBXGroup;
			children = (
				C9DC5CFD2C0B3A0400BD64DD /* ChatList.storyboard */,
				C9DC5CFB2C0B39BB00BD64DD /* TravelTalkViewController.swift */,
				C9003C072C4A26EB00857FB0 /* TravelTalkCollectionViewController.swift */,
			);
			path = ChatList;
			sourceTree = "<group>";
		};
		C9DC5D112C0B63BB00BD64DD /* ChatListCell */ = {
			isa = PBXGroup;
			children = (
				C9DC5D062C0B3F5C00BD64DD /* ChatListTableViewCell.swift */,
				C9DC5D072C0B3F5C00BD64DD /* ChatListTableViewCell.xib */,
			);
			path = ChatListCell;
			sourceTree = "<group>";
		};
		C9DC5D122C0B63CE00BD64DD /* ChatDetail */ = {
			isa = PBXGroup;
			children = (
				C9DC5D132C0B63E000BD64DD /* ChatDetail.storyboard */,
				C9DC5D152C0B63F900BD64DD /* ChatDetailViewController.swift */,
			);
			path = ChatDetail;
			sourceTree = "<group>";
		};
		C9DC5D172C0B683600BD64DD /* ChatDetailCell */ = {
			isa = PBXGroup;
			children = (
				C9DC5D182C0B687100BD64DD /* ChatDetailFromTableViewCell.swift */,
				C9DC5D192C0B687100BD64DD /* ChatDetailFromTableViewCell.xib */,
				C9DC5D1C2C0B687E00BD64DD /* ChatDetailToTableViewCell.swift */,
				C9DC5D1D2C0B687E00BD64DD /* ChatDetailToTableViewCell.xib */,
			);
			path = ChatDetailCell;
			sourceTree = "<group>";
		};
/* End PBXGroup section */

/* Begin PBXNativeTarget section */
		C9CD88122C09CAFE00E63995 /* TravelTalk */ = {
			isa = PBXNativeTarget;
			buildConfigurationList = C9CD88272C09CAFF00E63995 /* Build configuration list for PBXNativeTarget "TravelTalk" */;
			buildPhases = (
				C9CD880F2C09CAFE00E63995 /* Sources */,
				C9CD88102C09CAFE00E63995 /* Frameworks */,
				C9CD88112C09CAFE00E63995 /* Resources */,
			);
			buildRules = (
			);
			dependencies = (
			);
			name = TravelTalk;
			packageProductDependencies = (
				C9003C0A2C4A27F300857FB0 /* SnapKit */,
			);
			productName = TravelTalk;
			productReference = C9CD88132C09CAFE00E63995 /* TravelTalk.app */;
			productType = "com.apple.product-type.application";
		};
/* End PBXNativeTarget section */

/* Begin PBXProject section */
		C9CD880B2C09CAFE00E63995 /* Project object */ = {
			isa = PBXProject;
			attributes = {
				BuildIndependentTargetsInParallel = 1;
				LastSwiftUpdateCheck = 1530;
				LastUpgradeCheck = 1530;
				TargetAttributes = {
					C9CD88122C09CAFE00E63995 = {
						CreatedOnToolsVersion = 15.3;
					};
				};
			};
			buildConfigurationList = C9CD880E2C09CAFE00E63995 /* Build configuration list for PBXProject "TravelTalk" */;
			compatibilityVersion = "Xcode 14.0";
			developmentRegion = en;
			hasScannedForEncodings = 0;
			knownRegions = (
				en,
				Base,
			);
			mainGroup = C9CD880A2C09CAFE00E63995;
			packageReferences = (
				C9003C092C4A27F300857FB0 /* XCRemoteSwiftPackageReference "SnapKit" */,
			);
			productRefGroup = C9CD88142C09CAFE00E63995 /* Products */;
			projectDirPath = "";
			projectRoot = "";
			targets = (
				C9CD88122C09CAFE00E63995 /* TravelTalk */,
			);
		};
/* End PBXProject section */

/* Begin PBXResourcesBuildPhase section */
		C9CD88112C09CAFE00E63995 /* Resources */ = {
			isa = PBXResourcesBuildPhase;
			buildActionMask = 2147483647;
			files = (
				C9DC5D092C0B3F5C00BD64DD /* ChatListTableViewCell.xib in Resources */,
				C9DC5D142C0B63E000BD64DD /* ChatDetail.storyboard in Resources */,
				C9CD88202C09CAFF00E63995 /* Assets.xcassets in Resources */,
				C9DC5D1B2C0B687100BD64DD /* ChatDetailFromTableViewCell.xib in Resources */,
				C9CD88232C09CAFF00E63995 /* Base in Resources */,
				C9DC5CFE2C0B3A0400BD64DD /* ChatList.storyboard in Resources */,
				C9CD881E2C09CAFE00E63995 /* Base in Resources */,
				C9DC5D1F2C0B687E00BD64DD /* ChatDetailToTableViewCell.xib in Resources */,
			);
			runOnlyForDeploymentPostprocessing = 0;
		};
/* End PBXResourcesBuildPhase section */

/* Begin PBXSourcesBuildPhase section */
		C9CD880F2C09CAFE00E63995 /* Sources */ = {
			isa = PBXSourcesBuildPhase;
			buildActionMask = 2147483647;
			files = (
				C9CD88172C09CAFE00E63995 /* AppDelegate.swift in Sources */,
				C9DC5D0B2C0B4A1E00BD64DD /* ChattingData.swift in Sources */,
				C9DC5D1A2C0B687100BD64DD /* ChatDetailFromTableViewCell.swift in Sources */,
				C9F03A102C0DD3CE00E82D00 /* Date+.swift in Sources */,
				C9CD88192C09CAFE00E63995 /* SceneDelegate.swift in Sources */,
				C9DC5D082C0B3F5C00BD64DD /* ChatListTableViewCell.swift in Sources */,
				C9DC5D032C0B3A9B00BD64DD /* UIViewController+.swift in Sources */,
				C9DC5D052C0B3AD200BD64DD /* UITableViewCell+.swift in Sources */,
				C9DC5D012C0B3A5700BD64DD /* Identifier+.swift in Sources */,
				C9DC5D1E2C0B687E00BD64DD /* ChatDetailToTableViewCell.swift in Sources */,
				C9003C082C4A26EB00857FB0 /* TravelTalkCollectionViewController.swift in Sources */,
				C9DC5CFC2C0B39BB00BD64DD /* TravelTalkViewController.swift in Sources */,
				C9DC5D162C0B63F900BD64DD /* ChatDetailViewController.swift in Sources */,
			);
			runOnlyForDeploymentPostprocessing = 0;
		};
/* End PBXSourcesBuildPhase section */

/* Begin PBXVariantGroup section */
		C9CD881C2C09CAFE00E63995 /* Main.storyboard */ = {
			isa = PBXVariantGroup;
			children = (
				C9CD881D2C09CAFE00E63995 /* Base */,
			);
			name = Main.storyboard;
			sourceTree = "<group>";
		};
		C9CD88212C09CAFF00E63995 /* LaunchScreen.storyboard */ = {
			isa = PBXVariantGroup;
			children = (
				C9CD88222C09CAFF00E63995 /* Base */,
			);
			name = LaunchScreen.storyboard;
			sourceTree = "<group>";
		};
/* End PBXVariantGroup section */

/* Begin XCBuildConfiguration section */
		C9CD88252C09CAFF00E63995 /* Debug */ = {
			isa = XCBuildConfiguration;
			buildSettings = {
				ALWAYS_SEARCH_USER_PATHS = NO;
				ASSETCATALOG_COMPILER_GENERATE_SWIFT_ASSET_SYMBOL_EXTENSIONS = YES;
				CLANG_ANALYZER_NONNULL = YES;
				CLANG_ANALYZER_NUMBER_OBJECT_CONVERSION = YES_AGGRESSIVE;
				CLANG_CXX_LANGUAGE_STANDARD = "gnu++20";
				CLANG_ENABLE_MODULES = YES;
				CLANG_ENABLE_OBJC_ARC = YES;
				CLANG_ENABLE_OBJC_WEAK = YES;
				CLANG_WARN_BLOCK_CAPTURE_AUTORELEASING = YES;
				CLANG_WARN_BOOL_CONVERSION = YES;
				CLANG_WARN_COMMA = YES;
				CLANG_WARN_CONSTANT_CONVERSION = YES;
				CLANG_WARN_DEPRECATED_OBJC_IMPLEMENTATIONS = YES;
				CLANG_WARN_DIRECT_OBJC_ISA_USAGE = YES_ERROR;
				CLANG_WARN_DOCUMENTATION_COMMENTS = YES;
				CLANG_WARN_EMPTY_BODY = YES;
				CLANG_WARN_ENUM_CONVERSION = YES;
				CLANG_WARN_INFINITE_RECURSION = YES;
				CLANG_WARN_INT_CONVERSION = YES;
				CLANG_WARN_NON_LITERAL_NULL_CONVERSION = YES;
				CLANG_WARN_OBJC_IMPLICIT_RETAIN_SELF = YES;
				CLANG_WARN_OBJC_LITERAL_CONVERSION = YES;
				CLANG_WARN_OBJC_ROOT_CLASS = YES_ERROR;
				CLANG_WARN_QUOTED_INCLUDE_IN_FRAMEWORK_HEADER = YES;
				CLANG_WARN_RANGE_LOOP_ANALYSIS = YES;
				CLANG_WARN_STRICT_PROTOTYPES = YES;
				CLANG_WARN_SUSPICIOUS_MOVE = YES;
				CLANG_WARN_UNGUARDED_AVAILABILITY = YES_AGGRESSIVE;
				CLANG_WARN_UNREACHABLE_CODE = YES;
				CLANG_WARN__DUPLICATE_METHOD_MATCH = YES;
				COPY_PHASE_STRIP = NO;
				DEBUG_INFORMATION_FORMAT = dwarf;
				ENABLE_STRICT_OBJC_MSGSEND = YES;
				ENABLE_TESTABILITY = YES;
				ENABLE_USER_SCRIPT_SANDBOXING = YES;
				GCC_C_LANGUAGE_STANDARD = gnu17;
				GCC_DYNAMIC_NO_PIC = NO;
				GCC_NO_COMMON_BLOCKS = YES;
				GCC_OPTIMIZATION_LEVEL = 0;
				GCC_PREPROCESSOR_DEFINITIONS = (
					"DEBUG=1",
					"$(inherited)",
				);
				GCC_WARN_64_TO_32_BIT_CONVERSION = YES;
				GCC_WARN_ABOUT_RETURN_TYPE = YES_ERROR;
				GCC_WARN_UNDECLARED_SELECTOR = YES;
				GCC_WARN_UNINITIALIZED_AUTOS = YES_AGGRESSIVE;
				GCC_WARN_UNUSED_FUNCTION = YES;
				GCC_WARN_UNUSED_VARIABLE = YES;
				IPHONEOS_DEPLOYMENT_TARGET = 17.4;
				LOCALIZATION_PREFERS_STRING_CATALOGS = YES;
				MTL_ENABLE_DEBUG_INFO = INCLUDE_SOURCE;
				MTL_FAST_MATH = YES;
				ONLY_ACTIVE_ARCH = YES;
				SDKROOT = iphoneos;
				SWIFT_ACTIVE_COMPILATION_CONDITIONS = "DEBUG $(inherited)";
				SWIFT_OPTIMIZATION_LEVEL = "-Onone";
			};
			name = Debug;
		};
		C9CD88262C09CAFF00E63995 /* Release */ = {
			isa = XCBuildConfiguration;
			buildSettings = {
				ALWAYS_SEARCH_USER_PATHS = NO;
				ASSETCATALOG_COMPILER_GENERATE_SWIFT_ASSET_SYMBOL_EXTENSIONS = YES;
				CLANG_ANALYZER_NONNULL = YES;
				CLANG_ANALYZER_NUMBER_OBJECT_CONVERSION = YES_AGGRESSIVE;
				CLANG_CXX_LANGUAGE_STANDARD = "gnu++20";
				CLANG_ENABLE_MODULES = YES;
				CLANG_ENABLE_OBJC_ARC = YES;
				CLANG_ENABLE_OBJC_WEAK = YES;
				CLANG_WARN_BLOCK_CAPTURE_AUTORELEASING = YES;
				CLANG_WARN_BOOL_CONVERSION = YES;
				CLANG_WARN_COMMA = YES;
				CLANG_WARN_CONSTANT_CONVERSION = YES;
				CLANG_WARN_DEPRECATED_OBJC_IMPLEMENTATIONS = YES;
				CLANG_WARN_DIRECT_OBJC_ISA_USAGE = YES_ERROR;
				CLANG_WARN_DOCUMENTATION_COMMENTS = YES;
				CLANG_WARN_EMPTY_BODY = YES;
				CLANG_WARN_ENUM_CONVERSION = YES;
				CLANG_WARN_INFINITE_RECURSION = YES;
				CLANG_WARN_INT_CONVERSION = YES;
				CLANG_WARN_NON_LITERAL_NULL_CONVERSION = YES;
				CLANG_WARN_OBJC_IMPLICIT_RETAIN_SELF = YES;
				CLANG_WARN_OBJC_LITERAL_CONVERSION = YES;
				CLANG_WARN_OBJC_ROOT_CLASS = YES_ERROR;
				CLANG_WARN_QUOTED_INCLUDE_IN_FRAMEWORK_HEADER = YES;
				CLANG_WARN_RANGE_LOOP_ANALYSIS = YES;
				CLANG_WARN_STRICT_PROTOTYPES = YES;
				CLANG_WARN_SUSPICIOUS_MOVE = YES;
				CLANG_WARN_UNGUARDED_AVAILABILITY = YES_AGGRESSIVE;
				CLANG_WARN_UNREACHABLE_CODE = YES;
				CLANG_WARN__DUPLICATE_METHOD_MATCH = YES;
				COPY_PHASE_STRIP = NO;
				DEBUG_INFORMATION_FORMAT = "dwarf-with-dsym";
				ENABLE_NS_ASSERTIONS = NO;
				ENABLE_STRICT_OBJC_MSGSEND = YES;
				ENABLE_USER_SCRIPT_SANDBOXING = YES;
				GCC_C_LANGUAGE_STANDARD = gnu17;
				GCC_NO_COMMON_BLOCKS = YES;
				GCC_WARN_64_TO_32_BIT_CONVERSION = YES;
				GCC_WARN_ABOUT_RETURN_TYPE = YES_ERROR;
				GCC_WARN_UNDECLARED_SELECTOR = YES;
				GCC_WARN_UNINITIALIZED_AUTOS = YES_AGGRESSIVE;
				GCC_WARN_UNUSED_FUNCTION = YES;
				GCC_WARN_UNUSED_VARIABLE = YES;
				IPHONEOS_DEPLOYMENT_TARGET = 17.4;
				LOCALIZATION_PREFERS_STRING_CATALOGS = YES;
				MTL_ENABLE_DEBUG_INFO = NO;
				MTL_FAST_MATH = YES;
				SDKROOT = iphoneos;
				SWIFT_COMPILATION_MODE = wholemodule;
				VALIDATE_PRODUCT = YES;
			};
			name = Release;
		};
		C9CD88282C09CAFF00E63995 /* Debug */ = {
			isa = XCBuildConfiguration;
			buildSettings = {
				ASSETCATALOG_COMPILER_APPICON_NAME = AppIcon;
				ASSETCATALOG_COMPILER_GLOBAL_ACCENT_COLOR_NAME = AccentColor;
				CODE_SIGN_STYLE = Automatic;
				CURRENT_PROJECT_VERSION = 1;
				DEVELOPMENT_TEAM = T4W7695R5C;
				GENERATE_INFOPLIST_FILE = YES;
				INFOPLIST_FILE = TravelTalk/Info.plist;
				INFOPLIST_KEY_UIApplicationSupportsIndirectInputEvents = YES;
				INFOPLIST_KEY_UILaunchStoryboardName = LaunchScreen;
				INFOPLIST_KEY_UIMainStoryboardFile = Main;
				INFOPLIST_KEY_UISupportedInterfaceOrientations = UIInterfaceOrientationPortrait;
				INFOPLIST_KEY_UISupportedInterfaceOrientations_iPad = "UIInterfaceOrientationLandscapeLeft UIInterfaceOrientationLandscapeRight UIInterfaceOrientationPortrait UIInterfaceOrientationPortraitUpsideDown";
				IPHONEOS_DEPLOYMENT_TARGET = 16.0;
				LD_RUNPATH_SEARCH_PATHS = (
					"$(inherited)",
					"@executable_path/Frameworks",
				);
				MARKETING_VERSION = 1.0;
				PRODUCT_BUNDLE_IDENTIFIER = com.jisooHAM.TravelTalk;
				PRODUCT_NAME = "$(TARGET_NAME)";
				SUPPORTED_PLATFORMS = "iphoneos iphonesimulator";
				SUPPORTS_MACCATALYST = NO;
				SUPPORTS_MAC_DESIGNED_FOR_IPHONE_IPAD = NO;
				SUPPORTS_XR_DESIGNED_FOR_IPHONE_IPAD = NO;
				SWIFT_EMIT_LOC_STRINGS = YES;
				SWIFT_VERSION = 5.0;
				TARGETED_DEVICE_FAMILY = 1;
			};
			name = Debug;
		};
		C9CD88292C09CAFF00E63995 /* Release */ = {
			isa = XCBuildConfiguration;
			buildSettings = {
				ASSETCATALOG_COMPILER_APPICON_NAME = AppIcon;
				ASSETCATALOG_COMPILER_GLOBAL_ACCENT_COLOR_NAME = AccentColor;
				CODE_SIGN_STYLE = Automatic;
				CURRENT_PROJECT_VERSION = 1;
				DEVELOPMENT_TEAM = T4W7695R5C;
				GENERATE_INFOPLIST_FILE = YES;
				INFOPLIST_FILE = TravelTalk/Info.plist;
				INFOPLIST_KEY_UIApplicationSupportsIndirectInputEvents = YES;
				INFOPLIST_KEY_UILaunchStoryboardName = LaunchScreen;
				INFOPLIST_KEY_UIMainStoryboardFile = Main;
				INFOPLIST_KEY_UISupportedInterfaceOrientations = UIInterfaceOrientationPortrait;
				INFOPLIST_KEY_UISupportedInterfaceOrientations_iPad = "UIInterfaceOrientationLandscapeLeft UIInterfaceOrientationLandscapeRight UIInterfaceOrientationPortrait UIInterfaceOrientationPortraitUpsideDown";
				IPHONEOS_DEPLOYMENT_TARGET = 16.0;
				LD_RUNPATH_SEARCH_PATHS = (
					"$(inherited)",
					"@executable_path/Frameworks",
				);
				MARKETING_VERSION = 1.0;
				PRODUCT_BUNDLE_IDENTIFIER = com.jisooHAM.TravelTalk;
				PRODUCT_NAME = "$(TARGET_NAME)";
				SUPPORTED_PLATFORMS = "iphoneos iphonesimulator";
				SUPPORTS_MACCATALYST = NO;
				SUPPORTS_MAC_DESIGNED_FOR_IPHONE_IPAD = NO;
				SUPPORTS_XR_DESIGNED_FOR_IPHONE_IPAD = NO;
				SWIFT_EMIT_LOC_STRINGS = YES;
				SWIFT_VERSION = 5.0;
				TARGETED_DEVICE_FAMILY = 1;
			};
			name = Release;
		};
/* End XCBuildConfiguration section */

/* Begin XCConfigurationList section */
		C9CD880E2C09CAFE00E63995 /* Build configuration list for PBXProject "TravelTalk" */ = {
			isa = XCConfigurationList;
			buildConfigurations = (
				C9CD88252C09CAFF00E63995 /* Debug */,
				C9CD88262C09CAFF00E63995 /* Release */,
			);
			defaultConfigurationIsVisible = 0;
			defaultConfigurationName = Release;
		};
		C9CD88272C09CAFF00E63995 /* Build configuration list for PBXNativeTarget "TravelTalk" */ = {
			isa = XCConfigurationList;
			buildConfigurations = (
				C9CD88282C09CAFF00E63995 /* Debug */,
				C9CD88292C09CAFF00E63995 /* Release */,
			);
			defaultConfigurationIsVisible = 0;
			defaultConfigurationName = Release;
		};
/* End XCConfigurationList section */

/* Begin XCRemoteSwiftPackageReference section */
		C9003C092C4A27F300857FB0 /* XCRemoteSwiftPackageReference "SnapKit" */ = {
			isa = XCRemoteSwiftPackageReference;
			repositoryURL = "https://github.com/SnapKit/SnapKit.git";
			requirement = {
				kind = upToNextMajorVersion;
				minimumVersion = 5.7.1;
			};
		};
/* End XCRemoteSwiftPackageReference section */

/* Begin XCSwiftPackageProductDependency section */
		C9003C0A2C4A27F300857FB0 /* SnapKit */ = {
			isa = XCSwiftPackageProductDependency;
			package = C9003C092C4A27F300857FB0 /* XCRemoteSwiftPackageReference "SnapKit" */;
			productName = SnapKit;
		};
/* End XCSwiftPackageProductDependency section */
	};
	rootObject = C9CD880B2C09CAFE00E63995 /* Project object */;
}
