// !$*UTF8*$!
{
	archiveVersion = 1;
	classes = {
	};
	objectVersion = 56;
	objects = {

/* Begin PBXBuildFile section */
		C94BBCE42BFF6E0100E68B02 /* TalkSetting.storyboard in Resources */ = {isa = PBXBuildFile; fileRef = C94BBCE32BFF6E0100E68B02 /* TalkSetting.storyboard */; };
		C94BBCE62BFF6E2C00E68B02 /* SettingTableViewController.swift in Sources */ = {isa = PBXBuildFile; fileRef = C94BBCE52BFF6E2C00E68B02 /* SettingTableViewController.swift */; };
		C94BBCE82BFF87D200E68B02 /* SettingsTableViewController.swift in Sources */ = {isa = PBXBuildFile; fileRef = C94BBCE72BFF87D200E68B02 /* SettingsTableViewController.swift */; };
		C94BBCEA2BFF8B4C00E68B02 /* Shopping.storyboard in Resources */ = {isa = PBXBuildFile; fileRef = C94BBCE92BFF8B4C00E68B02 /* Shopping.storyboard */; };
		C9541F672BFF22D100D00218 /* AppDelegate.swift in Sources */ = {isa = PBXBuildFile; fileRef = C9541F662BFF22D100D00218 /* AppDelegate.swift */; };
		C9541F692BFF22D100D00218 /* SceneDelegate.swift in Sources */ = {isa = PBXBuildFile; fileRef = C9541F682BFF22D100D00218 /* SceneDelegate.swift */; };
		C9541F6B2BFF22D100D00218 /* ViewController.swift in Sources */ = {isa = PBXBuildFile; fileRef = C9541F6A2BFF22D100D00218 /* ViewController.swift */; };
		C9541F6E2BFF22D100D00218 /* Base in Resources */ = {isa = PBXBuildFile; fileRef = C9541F6D2BFF22D100D00218 /* Base */; };
		C9541F702BFF22D200D00218 /* Assets.xcassets in Resources */ = {isa = PBXBuildFile; fileRef = C9541F6F2BFF22D200D00218 /* Assets.xcassets */; };
		C9541F732BFF22D200D00218 /* Base in Resources */ = {isa = PBXBuildFile; fileRef = C9541F722BFF22D200D00218 /* Base */; };
		C99031342C03868E002542BD /* ShoppingTableViewController.swift in Sources */ = {isa = PBXBuildFile; fileRef = C99031332C03868E002542BD /* ShoppingTableViewController.swift */; };
		C99031362C0386AE002542BD /* ShoppingTableViewCell.swift in Sources */ = {isa = PBXBuildFile; fileRef = C99031352C0386AE002542BD /* ShoppingTableViewCell.swift */; };
		C990313B2C0391EA002542BD /* Shopping.swift in Sources */ = {isa = PBXBuildFile; fileRef = C990313A2C0391EA002542BD /* Shopping.swift */; };
/* End PBXBuildFile section */

/* Begin PBXFileReference section */
		C94BBCE32BFF6E0100E68B02 /* TalkSetting.storyboard */ = {isa = PBXFileReference; lastKnownFileType = file.storyboard; path = TalkSetting.storyboard; sourceTree = "<group>"; };
		C94BBCE52BFF6E2C00E68B02 /* SettingTableViewController.swift */ = {isa = PBXFileReference; lastKnownFileType = sourcecode.swift; path = SettingTableViewController.swift; sourceTree = "<group>"; };
		C94BBCE72BFF87D200E68B02 /* SettingsTableViewController.swift */ = {isa = PBXFileReference; lastKnownFileType = sourcecode.swift; path = SettingsTableViewController.swift; sourceTree = "<group>"; };
		C94BBCE92BFF8B4C00E68B02 /* Shopping.storyboard */ = {isa = PBXFileReference; lastKnownFileType = file.storyboard; path = Shopping.storyboard; sourceTree = "<group>"; };
		C9541F632BFF22D100D00218 /* SettingTableView.app */ = {isa = PBXFileReference; explicitFileType = wrapper.application; includeInIndex = 0; path = SettingTableView.app; sourceTree = BUILT_PRODUCTS_DIR; };
		C9541F662BFF22D100D00218 /* AppDelegate.swift */ = {isa = PBXFileReference; lastKnownFileType = sourcecode.swift; path = AppDelegate.swift; sourceTree = "<group>"; };
		C9541F682BFF22D100D00218 /* SceneDelegate.swift */ = {isa = PBXFileReference; lastKnownFileType = sourcecode.swift; path = SceneDelegate.swift; sourceTree = "<group>"; };
		C9541F6A2BFF22D100D00218 /* ViewController.swift */ = {isa = PBXFileReference; lastKnownFileType = sourcecode.swift; path = ViewController.swift; sourceTree = "<group>"; };
		C9541F6D2BFF22D100D00218 /* Base */ = {isa = PBXFileReference; lastKnownFileType = file.storyboard; name = Base; path = Base.lproj/Main.storyboard; sourceTree = "<group>"; };
		C9541F6F2BFF22D200D00218 /* Assets.xcassets */ = {isa = PBXFileReference; lastKnownFileType = folder.assetcatalog; path = Assets.xcassets; sourceTree = "<group>"; };
		C9541F722BFF22D200D00218 /* Base */ = {isa = PBXFileReference; lastKnownFileType = file.storyboard; name = Base; path = Base.lproj/LaunchScreen.storyboard; sourceTree = "<group>"; };
		C9541F742BFF22D200D00218 /* Info.plist */ = {isa = PBXFileReference; lastKnownFileType = text.plist.xml; path = Info.plist; sourceTree = "<group>"; };
		C99031332C03868E002542BD /* ShoppingTableViewController.swift */ = {isa = PBXFileReference; lastKnownFileType = sourcecode.swift; path = ShoppingTableViewController.swift; sourceTree = "<group>"; };
		C99031352C0386AE002542BD /* ShoppingTableViewCell.swift */ = {isa = PBXFileReference; lastKnownFileType = sourcecode.swift; path = ShoppingTableViewCell.swift; sourceTree = "<group>"; };
		C990313A2C0391EA002542BD /* Shopping.swift */ = {isa = PBXFileReference; lastKnownFileType = sourcecode.swift; path = Shopping.swift; sourceTree = "<group>"; };
/* End PBXFileReference section */

/* Begin PBXFrameworksBuildPhase section */
		C9541F602BFF22D100D00218 /* Frameworks */ = {
			isa = PBXFrameworksBuildPhase;
			buildActionMask = 2147483647;
			files = (
			);
			runOnlyForDeploymentPostprocessing = 0;
		};
/* End PBXFrameworksBuildPhase section */

/* Begin PBXGroup section */
		C9541F5A2BFF22D100D00218 = {
			isa = PBXGroup;
			children = (
				C9541F652BFF22D100D00218 /* SettingTableView */,
				C9541F642BFF22D100D00218 /* Products */,
			);
			sourceTree = "<group>";
		};
		C9541F642BFF22D100D00218 /* Products */ = {
			isa = PBXGroup;
			children = (
				C9541F632BFF22D100D00218 /* SettingTableView.app */,
			);
			name = Products;
			sourceTree = "<group>";
		};
		C9541F652BFF22D100D00218 /* SettingTableView */ = {
			isa = PBXGroup;
			children = (
				C99031392C038D56002542BD /* TableViewCell */,
				C99031382C038D40002542BD /* ViewController */,
				C9541F6F2BFF22D200D00218 /* Assets.xcassets */,
				C99031372C038D29002542BD /* Storyboard */,
				C9541F662BFF22D100D00218 /* AppDelegate.swift */,
				C9541F682BFF22D100D00218 /* SceneDelegate.swift */,
				C9541F712BFF22D200D00218 /* LaunchScreen.storyboard */,
				C9541F742BFF22D200D00218 /* Info.plist */,
				C990313A2C0391EA002542BD /* Shopping.swift */,
			);
			path = SettingTableView;
			sourceTree = "<group>";
		};
		C99031372C038D29002542BD /* Storyboard */ = {
			isa = PBXGroup;
			children = (
				C94BBCE32BFF6E0100E68B02 /* TalkSetting.storyboard */,
				C94BBCE92BFF8B4C00E68B02 /* Shopping.storyboard */,
				C9541F6C2BFF22D100D00218 /* Main.storyboard */,
			);
			path = Storyboard;
			sourceTree = "<group>";
		};
		C99031382C038D40002542BD /* ViewController */ = {
			isa = PBXGroup;
			children = (
				C94BBCE52BFF6E2C00E68B02 /* SettingTableViewController.swift */,
				C94BBCE72BFF87D200E68B02 /* SettingsTableViewController.swift */,
				C99031332C03868E002542BD /* ShoppingTableViewController.swift */,
				C9541F6A2BFF22D100D00218 /* ViewController.swift */,
			);
			path = ViewController;
			sourceTree = "<group>";
		};
		C99031392C038D56002542BD /* TableViewCell */ = {
			isa = PBXGroup;
			children = (
				C99031352C0386AE002542BD /* ShoppingTableViewCell.swift */,
			);
			path = TableViewCell;
			sourceTree = "<group>";
		};
/* End PBXGroup section */

/* Begin PBXNativeTarget section */
		C9541F622BFF22D100D00218 /* SettingTableView */ = {
			isa = PBXNativeTarget;
			buildConfigurationList = C9541F772BFF22D200D00218 /* Build configuration list for PBXNativeTarget "SettingTableView" */;
			buildPhases = (
				C9541F5F2BFF22D100D00218 /* Sources */,
				C9541F602BFF22D100D00218 /* Frameworks */,
				C9541F612BFF22D100D00218 /* Resources */,
			);
			buildRules = (
			);
			dependencies = (
			);
			name = SettingTableView;
			productName = SettingTableView;
			productReference = C9541F632BFF22D100D00218 /* SettingTableView.app */;
			productType = "com.apple.product-type.application";
		};
/* End PBXNativeTarget section */

/* Begin PBXProject section */
		C9541F5B2BFF22D100D00218 /* Project object */ = {
			isa = PBXProject;
			attributes = {
				BuildIndependentTargetsInParallel = 1;
				LastSwiftUpdateCheck = 1530;
				LastUpgradeCheck = 1530;
				TargetAttributes = {
					C9541F622BFF22D100D00218 = {
						CreatedOnToolsVersion = 15.3;
					};
				};
			};
			buildConfigurationList = C9541F5E2BFF22D100D00218 /* Build configuration list for PBXProject "SettingTableView" */;
			compatibilityVersion = "Xcode 14.0";
			developmentRegion = en;
			hasScannedForEncodings = 0;
			knownRegions = (
				en,
				Base,
			);
			mainGroup = C9541F5A2BFF22D100D00218;
			productRefGroup = C9541F642BFF22D100D00218 /* Products */;
			projectDirPath = "";
			projectRoot = "";
			targets = (
				C9541F622BFF22D100D00218 /* SettingTableView */,
			);
		};
/* End PBXProject section */

/* Begin PBXResourcesBuildPhase section */
		C9541F612BFF22D100D00218 /* Resources */ = {
			isa = PBXResourcesBuildPhase;
			buildActionMask = 2147483647;
			files = (
				C9541F702BFF22D200D00218 /* Assets.xcassets in Resources */,
				C9541F732BFF22D200D00218 /* Base in Resources */,
				C9541F6E2BFF22D100D00218 /* Base in Resources */,
				C94BBCEA2BFF8B4C00E68B02 /* Shopping.storyboard in Resources */,
				C94BBCE42BFF6E0100E68B02 /* TalkSetting.storyboard in Resources */,
			);
			runOnlyForDeploymentPostprocessing = 0;
		};
/* End PBXResourcesBuildPhase section */

/* Begin PBXSourcesBuildPhase section */
		C9541F5F2BFF22D100D00218 /* Sources */ = {
			isa = PBXSourcesBuildPhase;
			buildActionMask = 2147483647;
			files = (
				C94BBCE62BFF6E2C00E68B02 /* SettingTableViewController.swift in Sources */,
				C990313B2C0391EA002542BD /* Shopping.swift in Sources */,
				C99031342C03868E002542BD /* ShoppingTableViewController.swift in Sources */,
				C94BBCE82BFF87D200E68B02 /* SettingsTableViewController.swift in Sources */,
				C9541F6B2BFF22D100D00218 /* ViewController.swift in Sources */,
				C9541F672BFF22D100D00218 /* AppDelegate.swift in Sources */,
				C99031362C0386AE002542BD /* ShoppingTableViewCell.swift in Sources */,
				C9541F692BFF22D100D00218 /* SceneDelegate.swift in Sources */,
			);
			runOnlyForDeploymentPostprocessing = 0;
		};
/* End PBXSourcesBuildPhase section */

/* Begin PBXVariantGroup section */
		C9541F6C2BFF22D100D00218 /* Main.storyboard */ = {
			isa = PBXVariantGroup;
			children = (
				C9541F6D2BFF22D100D00218 /* Base */,
			);
			name = Main.storyboard;
			sourceTree = "<group>";
		};
		C9541F712BFF22D200D00218 /* LaunchScreen.storyboard */ = {
			isa = PBXVariantGroup;
			children = (
				C9541F722BFF22D200D00218 /* Base */,
			);
			name = LaunchScreen.storyboard;
			sourceTree = "<group>";
		};
/* End PBXVariantGroup section */

/* Begin XCBuildConfiguration section */
		C9541F752BFF22D200D00218 /* Debug */ = {
			isa = XCBuildConfiguration;
			buildSettings = {
				ALWAYS_SEARCH_USER_PATHS = NO;
				ASSETCATALOG_COMPILER_GENERATE_SWIFT_ASSET_SYMBOL_EXTENSIONS = YES;
				CLANG_ANALYZER_NONNULL = YES;
				CLANG_ANALYZER_NUMBER_OBJECT_CONVERSION = YES_AGGRESSIVE;
				CLANG_CXX_LANGUAGE_STANDARD = "gnu++20";
				CLANG_ENABLE_MODULES = YES;
				CLANG_ENABLE_OBJC_ARC = YES;
				CLANG_ENABLE_OBJC_WEAK = YES;
				CLANG_WARN_BLOCK_CAPTURE_AUTORELEASING = YES;
				CLANG_WARN_BOOL_CONVERSION = YES;
				CLANG_WARN_COMMA = YES;
				CLANG_WARN_CONSTANT_CONVERSION = YES;
				CLANG_WARN_DEPRECATED_OBJC_IMPLEMENTATIONS = YES;
				CLANG_WARN_DIRECT_OBJC_ISA_USAGE = YES_ERROR;
				CLANG_WARN_DOCUMENTATION_COMMENTS = YES;
				CLANG_WARN_EMPTY_BODY = YES;
				CLANG_WARN_ENUM_CONVERSION = YES;
				CLANG_WARN_INFINITE_RECURSION = YES;
				CLANG_WARN_INT_CONVERSION = YES;
				CLANG_WARN_NON_LITERAL_NULL_CONVERSION = YES;
				CLANG_WARN_OBJC_IMPLICIT_RETAIN_SELF = YES;
				CLANG_WARN_OBJC_LITERAL_CONVERSION = YES;
				CLANG_WARN_OBJC_ROOT_CLASS = YES_ERROR;
				CLANG_WARN_QUOTED_INCLUDE_IN_FRAMEWORK_HEADER = YES;
				CLANG_WARN_RANGE_LOOP_ANALYSIS = YES;
				CLANG_WARN_STRICT_PROTOTYPES = YES;
				CLANG_WARN_SUSPICIOUS_MOVE = YES;
				CLANG_WARN_UNGUARDED_AVAILABILITY = YES_AGGRESSIVE;
				CLANG_WARN_UNREACHABLE_CODE = YES;
				CLANG_WARN__DUPLICATE_METHOD_MATCH = YES;
				COPY_PHASE_STRIP = NO;
				DEBUG_INFORMATION_FORMAT = dwarf;
				ENABLE_STRICT_OBJC_MSGSEND = YES;
				ENABLE_TESTABILITY = YES;
				ENABLE_USER_SCRIPT_SANDBOXING = YES;
				GCC_C_LANGUAGE_STANDARD = gnu17;
				GCC_DYNAMIC_NO_PIC = NO;
				GCC_NO_COMMON_BLOCKS = YES;
				GCC_OPTIMIZATION_LEVEL = 0;
				GCC_PREPROCESSOR_DEFINITIONS = (
					"DEBUG=1",
					"$(inherited)",
				);
				GCC_WARN_64_TO_32_BIT_CONVERSION = YES;
				GCC_WARN_ABOUT_RETURN_TYPE = YES_ERROR;
				GCC_WARN_UNDECLARED_SELECTOR = YES;
				GCC_WARN_UNINITIALIZED_AUTOS = YES_AGGRESSIVE;
				GCC_WARN_UNUSED_FUNCTION = YES;
				GCC_WARN_UNUSED_VARIABLE = YES;
				IPHONEOS_DEPLOYMENT_TARGET = 17.4;
				LOCALIZATION_PREFERS_STRING_CATALOGS = YES;
				MTL_ENABLE_DEBUG_INFO = INCLUDE_SOURCE;
				MTL_FAST_MATH = YES;
				ONLY_ACTIVE_ARCH = YES;
				SDKROOT = iphoneos;
				SWIFT_ACTIVE_COMPILATION_CONDITIONS = "DEBUG $(inherited)";
				SWIFT_OPTIMIZATION_LEVEL = "-Onone";
			};
			name = Debug;
		};
		C9541F762BFF22D200D00218 /* Release */ = {
			isa = XCBuildConfiguration;
			buildSettings = {
				ALWAYS_SEARCH_USER_PATHS = NO;
				ASSETCATALOG_COMPILER_GENERATE_SWIFT_ASSET_SYMBOL_EXTENSIONS = YES;
				CLANG_ANALYZER_NONNULL = YES;
				CLANG_ANALYZER_NUMBER_OBJECT_CONVERSION = YES_AGGRESSIVE;
				CLANG_CXX_LANGUAGE_STANDARD = "gnu++20";
				CLANG_ENABLE_MODULES = YES;
				CLANG_ENABLE_OBJC_ARC = YES;
				CLANG_ENABLE_OBJC_WEAK = YES;
				CLANG_WARN_BLOCK_CAPTURE_AUTORELEASING = YES;
				CLANG_WARN_BOOL_CONVERSION = YES;
				CLANG_WARN_COMMA = YES;
				CLANG_WARN_CONSTANT_CONVERSION = YES;
				CLANG_WARN_DEPRECATED_OBJC_IMPLEMENTATIONS = YES;
				CLANG_WARN_DIRECT_OBJC_ISA_USAGE = YES_ERROR;
				CLANG_WARN_DOCUMENTATION_COMMENTS = YES;
				CLANG_WARN_EMPTY_BODY = YES;
				CLANG_WARN_ENUM_CONVERSION = YES;
				CLANG_WARN_INFINITE_RECURSION = YES;
				CLANG_WARN_INT_CONVERSION = YES;
				CLANG_WARN_NON_LITERAL_NULL_CONVERSION = YES;
				CLANG_WARN_OBJC_IMPLICIT_RETAIN_SELF = YES;
				CLANG_WARN_OBJC_LITERAL_CONVERSION = YES;
				CLANG_WARN_OBJC_ROOT_CLASS = YES_ERROR;
				CLANG_WARN_QUOTED_INCLUDE_IN_FRAMEWORK_HEADER = YES;
				CLANG_WARN_RANGE_LOOP_ANALYSIS = YES;
				CLANG_WARN_STRICT_PROTOTYPES = YES;
				CLANG_WARN_SUSPICIOUS_MOVE = YES;
				CLANG_WARN_UNGUARDED_AVAILABILITY = YES_AGGRESSIVE;
				CLANG_WARN_UNREACHABLE_CODE = YES;
				CLANG_WARN__DUPLICATE_METHOD_MATCH = YES;
				COPY_PHASE_STRIP = NO;
				DEBUG_INFORMATION_FORMAT = "dwarf-with-dsym";
				ENABLE_NS_ASSERTIONS = NO;
				ENABLE_STRICT_OBJC_MSGSEND = YES;
				ENABLE_USER_SCRIPT_SANDBOXING = YES;
				GCC_C_LANGUAGE_STANDARD = gnu17;
				GCC_NO_COMMON_BLOCKS = YES;
				GCC_WARN_64_TO_32_BIT_CONVERSION = YES;
				GCC_WARN_ABOUT_RETURN_TYPE = YES_ERROR;
				GCC_WARN_UNDECLARED_SELECTOR = YES;
				GCC_WARN_UNINITIALIZED_AUTOS = YES_AGGRESSIVE;
				GCC_WARN_UNUSED_FUNCTION = YES;
				GCC_WARN_UNUSED_VARIABLE = YES;
				IPHONEOS_DEPLOYMENT_TARGET = 17.4;
				LOCALIZATION_PREFERS_STRING_CATALOGS = YES;
				MTL_ENABLE_DEBUG_INFO = NO;
				MTL_FAST_MATH = YES;
				SDKROOT = iphoneos;
				SWIFT_COMPILATION_MODE = wholemodule;
				VALIDATE_PRODUCT = YES;
			};
			name = Release;
		};
		C9541F782BFF22D200D00218 /* Debug */ = {
			isa = XCBuildConfiguration;
			buildSettings = {
				ASSETCATALOG_COMPILER_APPICON_NAME = AppIcon;
				ASSETCATALOG_COMPILER_GLOBAL_ACCENT_COLOR_NAME = AccentColor;
				CODE_SIGN_STYLE = Automatic;
				CURRENT_PROJECT_VERSION = 1;
				DEVELOPMENT_TEAM = T4W7695R5C;
				GENERATE_INFOPLIST_FILE = YES;
				INFOPLIST_FILE = SettingTableView/Info.plist;
				INFOPLIST_KEY_UIApplicationSupportsIndirectInputEvents = YES;
				INFOPLIST_KEY_UILaunchStoryboardName = LaunchScreen;
				INFOPLIST_KEY_UIMainStoryboardFile = Main;
				INFOPLIST_KEY_UISupportedInterfaceOrientations = UIInterfaceOrientationPortrait;
				INFOPLIST_KEY_UISupportedInterfaceOrientations_iPad = "UIInterfaceOrientationLandscapeLeft UIInterfaceOrientationLandscapeRight UIInterfaceOrientationPortrait UIInterfaceOrientationPortraitUpsideDown";
				IPHONEOS_DEPLOYMENT_TARGET = 16.0;
				LD_RUNPATH_SEARCH_PATHS = (
					"$(inherited)",
					"@executable_path/Frameworks",
				);
				MARKETING_VERSION = 1.0;
				PRODUCT_BUNDLE_IDENTIFIER = com.jisooHAM.SettingTableView;
				PRODUCT_NAME = "$(TARGET_NAME)";
				SUPPORTED_PLATFORMS = "iphoneos iphonesimulator";
				SUPPORTS_MACCATALYST = NO;
				SUPPORTS_MAC_DESIGNED_FOR_IPHONE_IPAD = NO;
				SUPPORTS_XR_DESIGNED_FOR_IPHONE_IPAD = NO;
				SWIFT_EMIT_LOC_STRINGS = YES;
				SWIFT_VERSION = 5.0;
				TARGETED_DEVICE_FAMILY = 1;
			};
			name = Debug;
		};
		C9541F792BFF22D200D00218 /* Release */ = {
			isa = XCBuildConfiguration;
			buildSettings = {
				ASSETCATALOG_COMPILER_APPICON_NAME = AppIcon;
				ASSETCATALOG_COMPILER_GLOBAL_ACCENT_COLOR_NAME = AccentColor;
				CODE_SIGN_STYLE = Automatic;
				CURRENT_PROJECT_VERSION = 1;
				DEVELOPMENT_TEAM = T4W7695R5C;
				GENERATE_INFOPLIST_FILE = YES;
				INFOPLIST_FILE = SettingTableView/Info.plist;
				INFOPLIST_KEY_UIApplicationSupportsIndirectInputEvents = YES;
				INFOPLIST_KEY_UILaunchStoryboardName = LaunchScreen;
				INFOPLIST_KEY_UIMainStoryboardFile = Main;
				INFOPLIST_KEY_UISupportedInterfaceOrientations = UIInterfaceOrientationPortrait;
				INFOPLIST_KEY_UISupportedInterfaceOrientations_iPad = "UIInterfaceOrientationLandscapeLeft UIInterfaceOrientationLandscapeRight UIInterfaceOrientationPortrait UIInterfaceOrientationPortraitUpsideDown";
				IPHONEOS_DEPLOYMENT_TARGET = 16.0;
				LD_RUNPATH_SEARCH_PATHS = (
					"$(inherited)",
					"@executable_path/Frameworks",
				);
				MARKETING_VERSION = 1.0;
				PRODUCT_BUNDLE_IDENTIFIER = com.jisooHAM.SettingTableView;
				PRODUCT_NAME = "$(TARGET_NAME)";
				SUPPORTED_PLATFORMS = "iphoneos iphonesimulator";
				SUPPORTS_MACCATALYST = NO;
				SUPPORTS_MAC_DESIGNED_FOR_IPHONE_IPAD = NO;
				SUPPORTS_XR_DESIGNED_FOR_IPHONE_IPAD = NO;
				SWIFT_EMIT_LOC_STRINGS = YES;
				SWIFT_VERSION = 5.0;
				TARGETED_DEVICE_FAMILY = 1;
			};
			name = Release;
		};
/* End XCBuildConfiguration section */

/* Begin XCConfigurationList section */
		C9541F5E2BFF22D100D00218 /* Build configuration list for PBXProject "SettingTableView" */ = {
			isa = XCConfigurationList;
			buildConfigurations = (
				C9541F752BFF22D200D00218 /* Debug */,
				C9541F762BFF22D200D00218 /* Release */,
			);
			defaultConfigurationIsVisible = 0;
			defaultConfigurationName = Release;
		};
		C9541F772BFF22D200D00218 /* Build configuration list for PBXNativeTarget "SettingTableView" */ = {
			isa = XCConfigurationList;
			buildConfigurations = (
				C9541F782BFF22D200D00218 /* Debug */,
				C9541F792BFF22D200D00218 /* Release */,
			);
			defaultConfigurationIsVisible = 0;
			defaultConfigurationName = Release;
		};
/* End XCConfigurationList section */
	};
	rootObject = C9541F5B2BFF22D100D00218 /* Project object */;
}
