// !$*UTF8*$!
{
	archiveVersion = 1;
	classes = {
	};
	objectVersion = 56;
	objects = {

/* Begin PBXBuildFile section */
		C91C150C2C074DF70078035E /* PopularCity.storyboard in Resources */ = {isa = PBXBuildFile; fileRef = C91C150B2C074DF70078035E /* PopularCity.storyboard */; };
		C91C150F2C0750C70078035E /* PopularCityTableViewCell.xib in Resources */ = {isa = PBXBuildFile; fileRef = C91C150E2C0750C70078035E /* PopularCityTableViewCell.xib */; };
		C91C15102C0750C70078035E /* PopularCityTableViewCell.swift in Sources */ = {isa = PBXBuildFile; fileRef = C91C150D2C0750C70078035E /* PopularCityTableViewCell.swift */; };
		C925E1302C0990DE00FCF16E /* Identifier+.swift in Sources */ = {isa = PBXBuildFile; fileRef = C925E12F2C0990DE00FCF16E /* Identifier+.swift */; };
		C925E1322C09913100FCF16E /* UITableViewCell.swift in Sources */ = {isa = PBXBuildFile; fileRef = C925E1312C09913100FCF16E /* UITableViewCell.swift */; };
		C92D21EF2C073B00003DC3AE /* CityInfo.swift in Sources */ = {isa = PBXBuildFile; fileRef = C92D21EE2C073B00003DC3AE /* CityInfo.swift */; };
		C92D21F12C073EF1003DC3AE /* TouristSpotViewController.swift in Sources */ = {isa = PBXBuildFile; fileRef = C92D21F02C073EF1003DC3AE /* TouristSpotViewController.swift */; };
		C92D21F32C073F11003DC3AE /* AdvertisementViewController.swift in Sources */ = {isa = PBXBuildFile; fileRef = C92D21F22C073F11003DC3AE /* AdvertisementViewController.swift */; };
		C92D21F52C074D49003DC3AE /* PopularCityViewController.swift in Sources */ = {isa = PBXBuildFile; fileRef = C92D21F42C074D49003DC3AE /* PopularCityViewController.swift */; };
		C9588BF02C0322DC005D0EB7 /* AppDelegate.swift in Sources */ = {isa = PBXBuildFile; fileRef = C9588BEF2C0322DC005D0EB7 /* AppDelegate.swift */; };
		C9588BF22C0322DC005D0EB7 /* SceneDelegate.swift in Sources */ = {isa = PBXBuildFile; fileRef = C9588BF12C0322DC005D0EB7 /* SceneDelegate.swift */; };
		C9588BF72C0322DC005D0EB7 /* Base in Resources */ = {isa = PBXBuildFile; fileRef = C9588BF62C0322DC005D0EB7 /* Base */; };
		C9588BF92C0322DD005D0EB7 /* Assets.xcassets in Resources */ = {isa = PBXBuildFile; fileRef = C9588BF82C0322DD005D0EB7 /* Assets.xcassets */; };
		C9588BFC2C0322DD005D0EB7 /* Base in Resources */ = {isa = PBXBuildFile; fileRef = C9588BFB2C0322DD005D0EB7 /* Base */; };
		C97194C02C0874640030755C /* RestaurantMap.storyboard in Resources */ = {isa = PBXBuildFile; fileRef = C97194BF2C0874640030755C /* RestaurantMap.storyboard */; };
		C97194C22C0874DD0030755C /* RestaurantMapViewController.swift in Sources */ = {isa = PBXBuildFile; fileRef = C97194C12C0874DD0030755C /* RestaurantMapViewController.swift */; };
		C97FA92C2C05FCDA00955084 /* UIViewController+.swift in Sources */ = {isa = PBXBuildFile; fileRef = C97FA92B2C05FCDA00955084 /* UIViewController+.swift */; };
		C99031222C033354002542BD /* TravelMagazineTableViewController.swift in Sources */ = {isa = PBXBuildFile; fileRef = C99031212C033354002542BD /* TravelMagazineTableViewController.swift */; };
		C99031242C033497002542BD /* TravelMagazineTableViewCell.swift in Sources */ = {isa = PBXBuildFile; fileRef = C99031232C033497002542BD /* TravelMagazineTableViewCell.swift */; };
		C99031262C033644002542BD /* MagazineInfo.swift in Sources */ = {isa = PBXBuildFile; fileRef = C99031252C033644002542BD /* MagazineInfo.swift */; };
		C99031282C033658002542BD /* Magazine.swift in Sources */ = {isa = PBXBuildFile; fileRef = C99031272C033658002542BD /* Magazine.swift */; };
		C990312B2C0347F9002542BD /* Kingfisher in Frameworks */ = {isa = PBXBuildFile; productRef = C990312A2C0347F9002542BD /* Kingfisher */; };
		C990312D2C0359D8002542BD /* Restaurant.swift in Sources */ = {isa = PBXBuildFile; fileRef = C990312C2C0359D8002542BD /* Restaurant.swift */; };
		C99031302C036414002542BD /* FoodStoreTableViewCell.swift in Sources */ = {isa = PBXBuildFile; fileRef = C990312F2C036414002542BD /* FoodStoreTableViewCell.swift */; };
		C99031322C03643D002542BD /* FoodStoreTableViewController.swift in Sources */ = {isa = PBXBuildFile; fileRef = C99031312C03643D002542BD /* FoodStoreTableViewController.swift */; };
		C9C795732C06422D004293FE /* CityDetail.storyboard in Resources */ = {isa = PBXBuildFile; fileRef = C9C795722C06422D004293FE /* CityDetail.storyboard */; };
		C9EF34D42C04667100FAE06A /* CityDetailTableViewCell.swift in Sources */ = {isa = PBXBuildFile; fileRef = C9EF34D22C04667100FAE06A /* CityDetailTableViewCell.swift */; };
		C9EF34D52C04667100FAE06A /* CityDetailTableViewCell.xib in Resources */ = {isa = PBXBuildFile; fileRef = C9EF34D32C04667100FAE06A /* CityDetailTableViewCell.xib */; };
		C9EF34D82C0468AB00FAE06A /* AdTableViewCell.swift in Sources */ = {isa = PBXBuildFile; fileRef = C9EF34D62C0468AB00FAE06A /* AdTableViewCell.swift */; };
		C9EF34D92C0468AB00FAE06A /* AdTableViewCell.xib in Resources */ = {isa = PBXBuildFile; fileRef = C9EF34D72C0468AB00FAE06A /* AdTableViewCell.xib */; };
		C9EF34DE2C046EB000FAE06A /* CityDetailViewController.swift in Sources */ = {isa = PBXBuildFile; fileRef = C9EF34DD2C046EB000FAE06A /* CityDetailViewController.swift */; };
		C9EF34E02C04715300FAE06A /* TravelModel.swift in Sources */ = {isa = PBXBuildFile; fileRef = C9EF34DF2C04715300FAE06A /* TravelModel.swift */; };
/* End PBXBuildFile section */

/* Begin PBXFileReference section */
		C91C150B2C074DF70078035E /* PopularCity.storyboard */ = {isa = PBXFileReference; lastKnownFileType = file.storyboard; path = PopularCity.storyboard; sourceTree = "<group>"; };
		C91C150D2C0750C70078035E /* PopularCityTableViewCell.swift */ = {isa = PBXFileReference; lastKnownFileType = sourcecode.swift; path = PopularCityTableViewCell.swift; sourceTree = "<group>"; };
		C91C150E2C0750C70078035E /* PopularCityTableViewCell.xib */ = {isa = PBXFileReference; lastKnownFileType = file.xib; path = PopularCityTableViewCell.xib; sourceTree = "<group>"; };
		C925E12F2C0990DE00FCF16E /* Identifier+.swift */ = {isa = PBXFileReference; lastKnownFileType = sourcecode.swift; path = "Identifier+.swift"; sourceTree = "<group>"; };
		C925E1312C09913100FCF16E /* UITableViewCell.swift */ = {isa = PBXFileReference; lastKnownFileType = sourcecode.swift; path = UITableViewCell.swift; sourceTree = "<group>"; };
		C92D21EE2C073B00003DC3AE /* CityInfo.swift */ = {isa = PBXFileReference; fileEncoding = 4; lastKnownFileType = sourcecode.swift; path = CityInfo.swift; sourceTree = "<group>"; };
		C92D21F02C073EF1003DC3AE /* TouristSpotViewController.swift */ = {isa = PBXFileReference; lastKnownFileType = sourcecode.swift; path = TouristSpotViewController.swift; sourceTree = "<group>"; };
		C92D21F22C073F11003DC3AE /* AdvertisementViewController.swift */ = {isa = PBXFileReference; lastKnownFileType = sourcecode.swift; path = AdvertisementViewController.swift; sourceTree = "<group>"; };
		C92D21F42C074D49003DC3AE /* PopularCityViewController.swift */ = {isa = PBXFileReference; lastKnownFileType = sourcecode.swift; path = PopularCityViewController.swift; sourceTree = "<group>"; };
		C9588BEC2C0322DC005D0EB7 /* TravelMagazineUIKit.app */ = {isa = PBXFileReference; explicitFileType = wrapper.application; includeInIndex = 0; path = TravelMagazineUIKit.app; sourceTree = BUILT_PRODUCTS_DIR; };
		C9588BEF2C0322DC005D0EB7 /* AppDelegate.swift */ = {isa = PBXFileReference; lastKnownFileType = sourcecode.swift; path = AppDelegate.swift; sourceTree = "<group>"; };
		C9588BF12C0322DC005D0EB7 /* SceneDelegate.swift */ = {isa = PBXFileReference; lastKnownFileType = sourcecode.swift; path = SceneDelegate.swift; sourceTree = "<group>"; };
		C9588BF62C0322DC005D0EB7 /* Base */ = {isa = PBXFileReference; lastKnownFileType = file.storyboard; name = Base; path = Base.lproj/Main.storyboard; sourceTree = "<group>"; };
		C9588BF82C0322DD005D0EB7 /* Assets.xcassets */ = {isa = PBXFileReference; lastKnownFileType = folder.assetcatalog; path = Assets.xcassets; sourceTree = "<group>"; };
		C9588BFB2C0322DD005D0EB7 /* Base */ = {isa = PBXFileReference; lastKnownFileType = file.storyboard; name = Base; path = Base.lproj/LaunchScreen.storyboard; sourceTree = "<group>"; };
		C9588BFD2C0322DD005D0EB7 /* Info.plist */ = {isa = PBXFileReference; lastKnownFileType = text.plist.xml; path = Info.plist; sourceTree = "<group>"; };
		C97194BF2C0874640030755C /* RestaurantMap.storyboard */ = {isa = PBXFileReference; lastKnownFileType = file.storyboard; path = RestaurantMap.storyboard; sourceTree = "<group>"; };
		C97194C12C0874DD0030755C /* RestaurantMapViewController.swift */ = {isa = PBXFileReference; lastKnownFileType = sourcecode.swift; path = RestaurantMapViewController.swift; sourceTree = "<group>"; };
		C97FA92B2C05FCDA00955084 /* UIViewController+.swift */ = {isa = PBXFileReference; lastKnownFileType = sourcecode.swift; path = "UIViewController+.swift"; sourceTree = "<group>"; };
		C99031212C033354002542BD /* TravelMagazineTableViewController.swift */ = {isa = PBXFileReference; lastKnownFileType = sourcecode.swift; path = TravelMagazineTableViewController.swift; sourceTree = "<group>"; };
		C99031232C033497002542BD /* TravelMagazineTableViewCell.swift */ = {isa = PBXFileReference; lastKnownFileType = sourcecode.swift; path = TravelMagazineTableViewCell.swift; sourceTree = "<group>"; };
		C99031252C033644002542BD /* MagazineInfo.swift */ = {isa = PBXFileReference; fileEncoding = 4; lastKnownFileType = sourcecode.swift; path = MagazineInfo.swift; sourceTree = "<group>"; };
		C99031272C033658002542BD /* Magazine.swift */ = {isa = PBXFileReference; lastKnownFileType = sourcecode.swift; path = Magazine.swift; sourceTree = "<group>"; };
		C990312C2C0359D8002542BD /* Restaurant.swift */ = {isa = PBXFileReference; fileEncoding = 4; lastKnownFileType = sourcecode.swift; path = Restaurant.swift; sourceTree = "<group>"; };
		C990312F2C036414002542BD /* FoodStoreTableViewCell.swift */ = {isa = PBXFileReference; lastKnownFileType = sourcecode.swift; path = FoodStoreTableViewCell.swift; sourceTree = "<group>"; };
		C99031312C03643D002542BD /* FoodStoreTableViewController.swift */ = {isa = PBXFileReference; lastKnownFileType = sourcecode.swift; path = FoodStoreTableViewController.swift; sourceTree = "<group>"; };
		C9C795722C06422D004293FE /* CityDetail.storyboard */ = {isa = PBXFileReference; lastKnownFileType = file.storyboard; path = CityDetail.storyboard; sourceTree = "<group>"; };
		C9EF34D22C04667100FAE06A /* CityDetailTableViewCell.swift */ = {isa = PBXFileReference; lastKnownFileType = sourcecode.swift; path = CityDetailTableViewCell.swift; sourceTree = "<group>"; };
		C9EF34D32C04667100FAE06A /* CityDetailTableViewCell.xib */ = {isa = PBXFileReference; lastKnownFileType = file.xib; path = CityDetailTableViewCell.xib; sourceTree = "<group>"; };
		C9EF34D62C0468AB00FAE06A /* AdTableViewCell.swift */ = {isa = PBXFileReference; lastKnownFileType = sourcecode.swift; path = AdTableViewCell.swift; sourceTree = "<group>"; };
		C9EF34D72C0468AB00FAE06A /* AdTableViewCell.xib */ = {isa = PBXFileReference; lastKnownFileType = file.xib; path = AdTableViewCell.xib; sourceTree = "<group>"; };
		C9EF34DD2C046EB000FAE06A /* CityDetailViewController.swift */ = {isa = PBXFileReference; lastKnownFileType = sourcecode.swift; path = CityDetailViewController.swift; sourceTree = "<group>"; };
		C9EF34DF2C04715300FAE06A /* TravelModel.swift */ = {isa = PBXFileReference; fileEncoding = 4; lastKnownFileType = sourcecode.swift; path = TravelModel.swift; sourceTree = "<group>"; };
/* End PBXFileReference section */

/* Begin PBXFrameworksBuildPhase section */
		C9588BE92C0322DC005D0EB7 /* Frameworks */ = {
			isa = PBXFrameworksBuildPhase;
			buildActionMask = 2147483647;
			files = (
				C990312B2C0347F9002542BD /* Kingfisher in Frameworks */,
			);
			runOnlyForDeploymentPostprocessing = 0;
		};
/* End PBXFrameworksBuildPhase section */

/* Begin PBXGroup section */
		C9588BE32C0322DC005D0EB7 = {
			isa = PBXGroup;
			children = (
				C9588BEE2C0322DC005D0EB7 /* TravelMagazineUIKit */,
				C9588BED2C0322DC005D0EB7 /* Products */,
			);
			sourceTree = "<group>";
		};
		C9588BED2C0322DC005D0EB7 /* Products */ = {
			isa = PBXGroup;
			children = (
				C9588BEC2C0322DC005D0EB7 /* TravelMagazineUIKit.app */,
			);
			name = Products;
			sourceTree = "<group>";
		};
		C9588BEE2C0322DC005D0EB7 /* TravelMagazineUIKit */ = {
			isa = PBXGroup;
			children = (
				C97FA92A2C05FCC700955084 /* Extension */,
				C9EF34DC2C046A4900FAE06A /* storyboard */,
				C9EF34DB2C046A1500FAE06A /* TabelViewCell */,
				C9EF34DA2C0468AF00FAE06A /* ViewController */,
				C990312E2C0359E7002542BD /* Model */,
				C9588BEF2C0322DC005D0EB7 /* AppDelegate.swift */,
				C9588BF12C0322DC005D0EB7 /* SceneDelegate.swift */,
				C9588BF52C0322DC005D0EB7 /* Main.storyboard */,
				C9588BF82C0322DD005D0EB7 /* Assets.xcassets */,
				C9588BFA2C0322DD005D0EB7 /* LaunchScreen.storyboard */,
				C9588BFD2C0322DD005D0EB7 /* Info.plist */,
			);
			path = TravelMagazineUIKit;
			sourceTree = "<group>";
		};
		C97FA92A2C05FCC700955084 /* Extension */ = {
			isa = PBXGroup;
			children = (
				C97FA92B2C05FCDA00955084 /* UIViewController+.swift */,
				C925E12F2C0990DE00FCF16E /* Identifier+.swift */,
				C925E1312C09913100FCF16E /* UITableViewCell.swift */,
			);
			path = Extension;
			sourceTree = "<group>";
		};
		C990312E2C0359E7002542BD /* Model */ = {
			isa = PBXGroup;
			children = (
				C92D21EE2C073B00003DC3AE /* CityInfo.swift */,
				C9EF34DF2C04715300FAE06A /* TravelModel.swift */,
				C99031272C033658002542BD /* Magazine.swift */,
				C990312C2C0359D8002542BD /* Restaurant.swift */,
				C99031252C033644002542BD /* MagazineInfo.swift */,
			);
			path = Model;
			sourceTree = "<group>";
		};
		C9EF34DA2C0468AF00FAE06A /* ViewController */ = {
			isa = PBXGroup;
			children = (
				C99031212C033354002542BD /* TravelMagazineTableViewController.swift */,
				C99031312C03643D002542BD /* FoodStoreTableViewController.swift */,
				C9EF34DD2C046EB000FAE06A /* CityDetailViewController.swift */,
				C92D21F02C073EF1003DC3AE /* TouristSpotViewController.swift */,
				C92D21F22C073F11003DC3AE /* AdvertisementViewController.swift */,
				C92D21F42C074D49003DC3AE /* PopularCityViewController.swift */,
				C97194C12C0874DD0030755C /* RestaurantMapViewController.swift */,
			);
			path = ViewController;
			sourceTree = "<group>";
		};
		C9EF34DB2C046A1500FAE06A /* TabelViewCell */ = {
			isa = PBXGroup;
			children = (
				C91C150D2C0750C70078035E /* PopularCityTableViewCell.swift */,
				C99031232C033497002542BD /* TravelMagazineTableViewCell.swift */,
				C990312F2C036414002542BD /* FoodStoreTableViewCell.swift */,
				C9EF34D22C04667100FAE06A /* CityDetailTableViewCell.swift */,
				C9EF34D62C0468AB00FAE06A /* AdTableViewCell.swift */,
			);
			path = TabelViewCell;
			sourceTree = "<group>";
		};
		C9EF34DC2C046A4900FAE06A /* storyboard */ = {
			isa = PBXGroup;
			children = (
				C9EF34D32C04667100FAE06A /* CityDetailTableViewCell.xib */,
				C9EF34D72C0468AB00FAE06A /* AdTableViewCell.xib */,
				C9C795722C06422D004293FE /* CityDetail.storyboard */,
				C91C150B2C074DF70078035E /* PopularCity.storyboard */,
				C91C150E2C0750C70078035E /* PopularCityTableViewCell.xib */,
				C97194BF2C0874640030755C /* RestaurantMap.storyboard */,
			);
			path = storyboard;
			sourceTree = "<group>";
		};
/* End PBXGroup section */

/* Begin PBXNativeTarget section */
		C9588BEB2C0322DC005D0EB7 /* TravelMagazineUIKit */ = {
			isa = PBXNativeTarget;
			buildConfigurationList = C9588C002C0322DD005D0EB7 /* Build configuration list for PBXNativeTarget "TravelMagazineUIKit" */;
			buildPhases = (
				C9588BE82C0322DC005D0EB7 /* Sources */,
				C9588BE92C0322DC005D0EB7 /* Frameworks */,
				C9588BEA2C0322DC005D0EB7 /* Resources */,
			);
			buildRules = (
			);
			dependencies = (
			);
			name = TravelMagazineUIKit;
			packageProductDependencies = (
				C990312A2C0347F9002542BD /* Kingfisher */,
			);
			productName = TravelMagazineUIKit;
			productReference = C9588BEC2C0322DC005D0EB7 /* TravelMagazineUIKit.app */;
			productType = "com.apple.product-type.application";
		};
/* End PBXNativeTarget section */

/* Begin PBXProject section */
		C9588BE42C0322DC005D0EB7 /* Project object */ = {
			isa = PBXProject;
			attributes = {
				BuildIndependentTargetsInParallel = 1;
				LastSwiftUpdateCheck = 1530;
				LastUpgradeCheck = 1530;
				TargetAttributes = {
					C9588BEB2C0322DC005D0EB7 = {
						CreatedOnToolsVersion = 15.3;
					};
				};
			};
			buildConfigurationList = C9588BE72C0322DC005D0EB7 /* Build configuration list for PBXProject "TravelMagazineUIKit" */;
			compatibilityVersion = "Xcode 14.0";
			developmentRegion = en;
			hasScannedForEncodings = 0;
			knownRegions = (
				en,
				Base,
			);
			mainGroup = C9588BE32C0322DC005D0EB7;
			packageReferences = (
				C99031292C0347F9002542BD /* XCRemoteSwiftPackageReference "Kingfisher" */,
			);
			productRefGroup = C9588BED2C0322DC005D0EB7 /* Products */;
			projectDirPath = "";
			projectRoot = "";
			targets = (
				C9588BEB2C0322DC005D0EB7 /* TravelMagazineUIKit */,
			);
		};
/* End PBXProject section */

/* Begin PBXResourcesBuildPhase section */
		C9588BEA2C0322DC005D0EB7 /* Resources */ = {
			isa = PBXResourcesBuildPhase;
			buildActionMask = 2147483647;
			files = (
				C9EF34D52C04667100FAE06A /* CityDetailTableViewCell.xib in Resources */,
				C9EF34D92C0468AB00FAE06A /* AdTableViewCell.xib in Resources */,
				C91C150C2C074DF70078035E /* PopularCity.storyboard in Resources */,
				C9C795732C06422D004293FE /* CityDetail.storyboard in Resources */,
				C97194C02C0874640030755C /* RestaurantMap.storyboard in Resources */,
				C91C150F2C0750C70078035E /* PopularCityTableViewCell.xib in Resources */,
				C9588BF92C0322DD005D0EB7 /* Assets.xcassets in Resources */,
				C9588BFC2C0322DD005D0EB7 /* Base in Resources */,
				C9588BF72C0322DC005D0EB7 /* Base in Resources */,
			);
			runOnlyForDeploymentPostprocessing = 0;
		};
/* End PBXResourcesBuildPhase section */

/* Begin PBXSourcesBuildPhase section */
		C9588BE82C0322DC005D0EB7 /* Sources */ = {
			isa = PBXSourcesBuildPhase;
			buildActionMask = 2147483647;
			files = (
				C97FA92C2C05FCDA00955084 /* UIViewController+.swift in Sources */,
				C99031222C033354002542BD /* TravelMagazineTableViewController.swift in Sources */,
				C92D21F32C073F11003DC3AE /* AdvertisementViewController.swift in Sources */,
				C9588BF02C0322DC005D0EB7 /* AppDelegate.swift in Sources */,
				C91C15102C0750C70078035E /* PopularCityTableViewCell.swift in Sources */,
				C925E1322C09913100FCF16E /* UITableViewCell.swift in Sources */,
				C9588BF22C0322DC005D0EB7 /* SceneDelegate.swift in Sources */,
				C990312D2C0359D8002542BD /* Restaurant.swift in Sources */,
				C9EF34DE2C046EB000FAE06A /* CityDetailViewController.swift in Sources */,
				C99031322C03643D002542BD /* FoodStoreTableViewController.swift in Sources */,
				C92D21EF2C073B00003DC3AE /* CityInfo.swift in Sources */,
				C99031282C033658002542BD /* Magazine.swift in Sources */,
				C92D21F12C073EF1003DC3AE /* TouristSpotViewController.swift in Sources */,
				C92D21F52C074D49003DC3AE /* PopularCityViewController.swift in Sources */,
				C9EF34D82C0468AB00FAE06A /* AdTableViewCell.swift in Sources */,
				C97194C22C0874DD0030755C /* RestaurantMapViewController.swift in Sources */,
				C9EF34E02C04715300FAE06A /* TravelModel.swift in Sources */,
				C99031242C033497002542BD /* TravelMagazineTableViewCell.swift in Sources */,
				C9EF34D42C04667100FAE06A /* CityDetailTableViewCell.swift in Sources */,
				C925E1302C0990DE00FCF16E /* Identifier+.swift in Sources */,
				C99031262C033644002542BD /* MagazineInfo.swift in Sources */,
				C99031302C036414002542BD /* FoodStoreTableViewCell.swift in Sources */,
			);
			runOnlyForDeploymentPostprocessing = 0;
		};
/* End PBXSourcesBuildPhase section */

/* Begin PBXVariantGroup section */
		C9588BF52C0322DC005D0EB7 /* Main.storyboard */ = {
			isa = PBXVariantGroup;
			children = (
				C9588BF62C0322DC005D0EB7 /* Base */,
			);
			name = Main.storyboard;
			sourceTree = "<group>";
		};
		C9588BFA2C0322DD005D0EB7 /* LaunchScreen.storyboard */ = {
			isa = PBXVariantGroup;
			children = (
				C9588BFB2C0322DD005D0EB7 /* Base */,
			);
			name = LaunchScreen.storyboard;
			sourceTree = "<group>";
		};
/* End PBXVariantGroup section */

/* Begin XCBuildConfiguration section */
		C9588BFE2C0322DD005D0EB7 /* Debug */ = {
			isa = XCBuildConfiguration;
			buildSettings = {
				ALWAYS_SEARCH_USER_PATHS = NO;
				ASSETCATALOG_COMPILER_GENERATE_SWIFT_ASSET_SYMBOL_EXTENSIONS = YES;
				CLANG_ANALYZER_NONNULL = YES;
				CLANG_ANALYZER_NUMBER_OBJECT_CONVERSION = YES_AGGRESSIVE;
				CLANG_CXX_LANGUAGE_STANDARD = "gnu++20";
				CLANG_ENABLE_MODULES = YES;
				CLANG_ENABLE_OBJC_ARC = YES;
				CLANG_ENABLE_OBJC_WEAK = YES;
				CLANG_WARN_BLOCK_CAPTURE_AUTORELEASING = YES;
				CLANG_WARN_BOOL_CONVERSION = YES;
				CLANG_WARN_COMMA = YES;
				CLANG_WARN_CONSTANT_CONVERSION = YES;
				CLANG_WARN_DEPRECATED_OBJC_IMPLEMENTATIONS = YES;
				CLANG_WARN_DIRECT_OBJC_ISA_USAGE = YES_ERROR;
				CLANG_WARN_DOCUMENTATION_COMMENTS = YES;
				CLANG_WARN_EMPTY_BODY = YES;
				CLANG_WARN_ENUM_CONVERSION = YES;
				CLANG_WARN_INFINITE_RECURSION = YES;
				CLANG_WARN_INT_CONVERSION = YES;
				CLANG_WARN_NON_LITERAL_NULL_CONVERSION = YES;
				CLANG_WARN_OBJC_IMPLICIT_RETAIN_SELF = YES;
				CLANG_WARN_OBJC_LITERAL_CONVERSION = YES;
				CLANG_WARN_OBJC_ROOT_CLASS = YES_ERROR;
				CLANG_WARN_QUOTED_INCLUDE_IN_FRAMEWORK_HEADER = YES;
				CLANG_WARN_RANGE_LOOP_ANALYSIS = YES;
				CLANG_WARN_STRICT_PROTOTYPES = YES;
				CLANG_WARN_SUSPICIOUS_MOVE = YES;
				CLANG_WARN_UNGUARDED_AVAILABILITY = YES_AGGRESSIVE;
				CLANG_WARN_UNREACHABLE_CODE = YES;
				CLANG_WARN__DUPLICATE_METHOD_MATCH = YES;
				COPY_PHASE_STRIP = NO;
				DEBUG_INFORMATION_FORMAT = dwarf;
				ENABLE_STRICT_OBJC_MSGSEND = YES;
				ENABLE_TESTABILITY = YES;
				ENABLE_USER_SCRIPT_SANDBOXING = YES;
				GCC_C_LANGUAGE_STANDARD = gnu17;
				GCC_DYNAMIC_NO_PIC = NO;
				GCC_NO_COMMON_BLOCKS = YES;
				GCC_OPTIMIZATION_LEVEL = 0;
				GCC_PREPROCESSOR_DEFINITIONS = (
					"DEBUG=1",
					"$(inherited)",
				);
				GCC_WARN_64_TO_32_BIT_CONVERSION = YES;
				GCC_WARN_ABOUT_RETURN_TYPE = YES_ERROR;
				GCC_WARN_UNDECLARED_SELECTOR = YES;
				GCC_WARN_UNINITIALIZED_AUTOS = YES_AGGRESSIVE;
				GCC_WARN_UNUSED_FUNCTION = YES;
				GCC_WARN_UNUSED_VARIABLE = YES;
				IPHONEOS_DEPLOYMENT_TARGET = 17.4;
				LOCALIZATION_PREFERS_STRING_CATALOGS = YES;
				MTL_ENABLE_DEBUG_INFO = INCLUDE_SOURCE;
				MTL_FAST_MATH = YES;
				ONLY_ACTIVE_ARCH = YES;
				SDKROOT = iphoneos;
				SWIFT_ACTIVE_COMPILATION_CONDITIONS = "DEBUG $(inherited)";
				SWIFT_OPTIMIZATION_LEVEL = "-Onone";
			};
			name = Debug;
		};
		C9588BFF2C0322DD005D0EB7 /* Release */ = {
			isa = XCBuildConfiguration;
			buildSettings = {
				ALWAYS_SEARCH_USER_PATHS = NO;
				ASSETCATALOG_COMPILER_GENERATE_SWIFT_ASSET_SYMBOL_EXTENSIONS = YES;
				CLANG_ANALYZER_NONNULL = YES;
				CLANG_ANALYZER_NUMBER_OBJECT_CONVERSION = YES_AGGRESSIVE;
				CLANG_CXX_LANGUAGE_STANDARD = "gnu++20";
				CLANG_ENABLE_MODULES = YES;
				CLANG_ENABLE_OBJC_ARC = YES;
				CLANG_ENABLE_OBJC_WEAK = YES;
				CLANG_WARN_BLOCK_CAPTURE_AUTORELEASING = YES;
				CLANG_WARN_BOOL_CONVERSION = YES;
				CLANG_WARN_COMMA = YES;
				CLANG_WARN_CONSTANT_CONVERSION = YES;
				CLANG_WARN_DEPRECATED_OBJC_IMPLEMENTATIONS = YES;
				CLANG_WARN_DIRECT_OBJC_ISA_USAGE = YES_ERROR;
				CLANG_WARN_DOCUMENTATION_COMMENTS = YES;
				CLANG_WARN_EMPTY_BODY = YES;
				CLANG_WARN_ENUM_CONVERSION = YES;
				CLANG_WARN_INFINITE_RECURSION = YES;
				CLANG_WARN_INT_CONVERSION = YES;
				CLANG_WARN_NON_LITERAL_NULL_CONVERSION = YES;
				CLANG_WARN_OBJC_IMPLICIT_RETAIN_SELF = YES;
				CLANG_WARN_OBJC_LITERAL_CONVERSION = YES;
				CLANG_WARN_OBJC_ROOT_CLASS = YES_ERROR;
				CLANG_WARN_QUOTED_INCLUDE_IN_FRAMEWORK_HEADER = YES;
				CLANG_WARN_RANGE_LOOP_ANALYSIS = YES;
				CLANG_WARN_STRICT_PROTOTYPES = YES;
				CLANG_WARN_SUSPICIOUS_MOVE = YES;
				CLANG_WARN_UNGUARDED_AVAILABILITY = YES_AGGRESSIVE;
				CLANG_WARN_UNREACHABLE_CODE = YES;
				CLANG_WARN__DUPLICATE_METHOD_MATCH = YES;
				COPY_PHASE_STRIP = NO;
				DEBUG_INFORMATION_FORMAT = "dwarf-with-dsym";
				ENABLE_NS_ASSERTIONS = NO;
				ENABLE_STRICT_OBJC_MSGSEND = YES;
				ENABLE_USER_SCRIPT_SANDBOXING = YES;
				GCC_C_LANGUAGE_STANDARD = gnu17;
				GCC_NO_COMMON_BLOCKS = YES;
				GCC_WARN_64_TO_32_BIT_CONVERSION = YES;
				GCC_WARN_ABOUT_RETURN_TYPE = YES_ERROR;
				GCC_WARN_UNDECLARED_SELECTOR = YES;
				GCC_WARN_UNINITIALIZED_AUTOS = YES_AGGRESSIVE;
				GCC_WARN_UNUSED_FUNCTION = YES;
				GCC_WARN_UNUSED_VARIABLE = YES;
				IPHONEOS_DEPLOYMENT_TARGET = 17.4;
				LOCALIZATION_PREFERS_STRING_CATALOGS = YES;
				MTL_ENABLE_DEBUG_INFO = NO;
				MTL_FAST_MATH = YES;
				SDKROOT = iphoneos;
				SWIFT_COMPILATION_MODE = wholemodule;
				VALIDATE_PRODUCT = YES;
			};
			name = Release;
		};
		C9588C012C0322DD005D0EB7 /* Debug */ = {
			isa = XCBuildConfiguration;
			buildSettings = {
				ASSETCATALOG_COMPILER_APPICON_NAME = AppIcon;
				ASSETCATALOG_COMPILER_GLOBAL_ACCENT_COLOR_NAME = AccentColor;
				CODE_SIGN_STYLE = Automatic;
				CURRENT_PROJECT_VERSION = 1;
				DEVELOPMENT_TEAM = T4W7695R5C;
				GENERATE_INFOPLIST_FILE = YES;
				INFOPLIST_FILE = TravelMagazineUIKit/Info.plist;
				INFOPLIST_KEY_UIApplicationSupportsIndirectInputEvents = YES;
				INFOPLIST_KEY_UILaunchStoryboardName = LaunchScreen;
				INFOPLIST_KEY_UIMainStoryboardFile = Main;
				INFOPLIST_KEY_UISupportedInterfaceOrientations = UIInterfaceOrientationPortrait;
				INFOPLIST_KEY_UISupportedInterfaceOrientations_iPad = "UIInterfaceOrientationLandscapeLeft UIInterfaceOrientationLandscapeRight UIInterfaceOrientationPortrait UIInterfaceOrientationPortraitUpsideDown";
				IPHONEOS_DEPLOYMENT_TARGET = 16.0;
				LD_RUNPATH_SEARCH_PATHS = (
					"$(inherited)",
					"@executable_path/Frameworks",
				);
				MARKETING_VERSION = 1.0;
				PRODUCT_BUNDLE_IDENTIFIER = com.jisooHAM.TravelMagazineUIKit;
				PRODUCT_NAME = "$(TARGET_NAME)";
				SUPPORTED_PLATFORMS = "iphoneos iphonesimulator";
				SUPPORTS_MACCATALYST = NO;
				SUPPORTS_MAC_DESIGNED_FOR_IPHONE_IPAD = NO;
				SUPPORTS_XR_DESIGNED_FOR_IPHONE_IPAD = NO;
				SWIFT_EMIT_LOC_STRINGS = YES;
				SWIFT_VERSION = 5.0;
				TARGETED_DEVICE_FAMILY = 1;
			};
			name = Debug;
		};
		C9588C022C0322DD005D0EB7 /* Release */ = {
			isa = XCBuildConfiguration;
			buildSettings = {
				ASSETCATALOG_COMPILER_APPICON_NAME = AppIcon;
				ASSETCATALOG_COMPILER_GLOBAL_ACCENT_COLOR_NAME = AccentColor;
				CODE_SIGN_STYLE = Automatic;
				CURRENT_PROJECT_VERSION = 1;
				DEVELOPMENT_TEAM = T4W7695R5C;
				GENERATE_INFOPLIST_FILE = YES;
				INFOPLIST_FILE = TravelMagazineUIKit/Info.plist;
				INFOPLIST_KEY_UIApplicationSupportsIndirectInputEvents = YES;
				INFOPLIST_KEY_UILaunchStoryboardName = LaunchScreen;
				INFOPLIST_KEY_UIMainStoryboardFile = Main;
				INFOPLIST_KEY_UISupportedInterfaceOrientations = UIInterfaceOrientationPortrait;
				INFOPLIST_KEY_UISupportedInterfaceOrientations_iPad = "UIInterfaceOrientationLandscapeLeft UIInterfaceOrientationLandscapeRight UIInterfaceOrientationPortrait UIInterfaceOrientationPortraitUpsideDown";
				IPHONEOS_DEPLOYMENT_TARGET = 16.0;
				LD_RUNPATH_SEARCH_PATHS = (
					"$(inherited)",
					"@executable_path/Frameworks",
				);
				MARKETING_VERSION = 1.0;
				PRODUCT_BUNDLE_IDENTIFIER = com.jisooHAM.TravelMagazineUIKit;
				PRODUCT_NAME = "$(TARGET_NAME)";
				SUPPORTED_PLATFORMS = "iphoneos iphonesimulator";
				SUPPORTS_MACCATALYST = NO;
				SUPPORTS_MAC_DESIGNED_FOR_IPHONE_IPAD = NO;
				SUPPORTS_XR_DESIGNED_FOR_IPHONE_IPAD = NO;
				SWIFT_EMIT_LOC_STRINGS = YES;
				SWIFT_VERSION = 5.0;
				TARGETED_DEVICE_FAMILY = 1;
			};
			name = Release;
		};
/* End XCBuildConfiguration section */

/* Begin XCConfigurationList section */
		C9588BE72C0322DC005D0EB7 /* Build configuration list for PBXProject "TravelMagazineUIKit" */ = {
			isa = XCConfigurationList;
			buildConfigurations = (
				C9588BFE2C0322DD005D0EB7 /* Debug */,
				C9588BFF2C0322DD005D0EB7 /* Release */,
			);
			defaultConfigurationIsVisible = 0;
			defaultConfigurationName = Release;
		};
		C9588C002C0322DD005D0EB7 /* Build configuration list for PBXNativeTarget "TravelMagazineUIKit" */ = {
			isa = XCConfigurationList;
			buildConfigurations = (
				C9588C012C0322DD005D0EB7 /* Debug */,
				C9588C022C0322DD005D0EB7 /* Release */,
			);
			defaultConfigurationIsVisible = 0;
			defaultConfigurationName = Release;
		};
/* End XCConfigurationList section */

/* Begin XCRemoteSwiftPackageReference section */
		C99031292C0347F9002542BD /* XCRemoteSwiftPackageReference "Kingfisher" */ = {
			isa = XCRemoteSwiftPackageReference;
			repositoryURL = "https://github.com/onevcat/Kingfisher.git";
			requirement = {
				kind = upToNextMajorVersion;
				minimumVersion = 7.11.0;
			};
		};
/* End XCRemoteSwiftPackageReference section */

/* Begin XCSwiftPackageProductDependency section */
		C990312A2C0347F9002542BD /* Kingfisher */ = {
			isa = XCSwiftPackageProductDependency;
			package = C99031292C0347F9002542BD /* XCRemoteSwiftPackageReference "Kingfisher" */;
			productName = Kingfisher;
		};
/* End XCSwiftPackageProductDependency section */
	};
	rootObject = C9588BE42C0322DC005D0EB7 /* Project object */;
}
