// !$*UTF8*$!
{
	archiveVersion = 1;
	classes = {
	};
	objectVersion = 56;
	objects = {

/* Begin PBXBuildFile section */
		C920234D2BF63536004E47FF /* HomeViewController.swift in Sources */ = {isa = PBXBuildFile; fileRef = C920234C2BF63536004E47FF /* HomeViewController.swift */; };
		C920234F2BF653D5004E47FF /* LoginViewController.swift in Sources */ = {isa = PBXBuildFile; fileRef = C920234E2BF653D5004E47FF /* LoginViewController.swift */; };
		C991C7462BF3789500BCFB0F /* AppDelegate.swift in Sources */ = {isa = PBXBuildFile; fileRef = C991C7452BF3789500BCFB0F /* AppDelegate.swift */; };
		C991C7482BF3789500BCFB0F /* SceneDelegate.swift in Sources */ = {isa = PBXBuildFile; fileRef = C991C7472BF3789500BCFB0F /* SceneDelegate.swift */; };
		C991C74D2BF3789500BCFB0F /* Base in Resources */ = {isa = PBXBuildFile; fileRef = C991C74C2BF3789500BCFB0F /* Base */; };
		C991C74F2BF3789600BCFB0F /* Assets.xcassets in Resources */ = {isa = PBXBuildFile; fileRef = C991C74E2BF3789600BCFB0F /* Assets.xcassets */; };
		C991C7522BF3789600BCFB0F /* Base in Resources */ = {isa = PBXBuildFile; fileRef = C991C7512BF3789600BCFB0F /* Base */; };
		C997F0022BF5DB69001BB4E0 /* DownloadViewController.swift in Sources */ = {isa = PBXBuildFile; fileRef = C997F0012BF5DB69001BB4E0 /* DownloadViewController.swift */; };
		C997F0042BF5DB7E001BB4E0 /* SearchViewController.swift in Sources */ = {isa = PBXBuildFile; fileRef = C997F0032BF5DB7E001BB4E0 /* SearchViewController.swift */; };
/* End PBXBuildFile section */

/* Begin PBXFileReference section */
		C920234C2BF63536004E47FF /* HomeViewController.swift */ = {isa = PBXFileReference; lastKnownFileType = sourcecode.swift; path = HomeViewController.swift; sourceTree = "<group>"; };
		C920234E2BF653D5004E47FF /* LoginViewController.swift */ = {isa = PBXFileReference; lastKnownFileType = sourcecode.swift; path = LoginViewController.swift; sourceTree = "<group>"; };
		C991C7422BF3789500BCFB0F /* ISAKFLIX.app */ = {isa = PBXFileReference; explicitFileType = wrapper.application; includeInIndex = 0; path = ISAKFLIX.app; sourceTree = BUILT_PRODUCTS_DIR; };
		C991C7452BF3789500BCFB0F /* AppDelegate.swift */ = {isa = PBXFileReference; lastKnownFileType = sourcecode.swift; path = AppDelegate.swift; sourceTree = "<group>"; };
		C991C7472BF3789500BCFB0F /* SceneDelegate.swift */ = {isa = PBXFileReference; lastKnownFileType = sourcecode.swift; path = SceneDelegate.swift; sourceTree = "<group>"; };
		C991C74C2BF3789500BCFB0F /* Base */ = {isa = PBXFileReference; lastKnownFileType = file.storyboard; name = Base; path = Base.lproj/Main.storyboard; sourceTree = "<group>"; };
		C991C74E2BF3789600BCFB0F /* Assets.xcassets */ = {isa = PBXFileReference; lastKnownFileType = folder.assetcatalog; path = Assets.xcassets; sourceTree = "<group>"; };
		C991C7512BF3789600BCFB0F /* Base */ = {isa = PBXFileReference; lastKnownFileType = file.storyboard; name = Base; path = Base.lproj/LaunchScreen.storyboard; sourceTree = "<group>"; };
		C991C7532BF3789600BCFB0F /* Info.plist */ = {isa = PBXFileReference; lastKnownFileType = text.plist.xml; path = Info.plist; sourceTree = "<group>"; };
		C997F0012BF5DB69001BB4E0 /* DownloadViewController.swift */ = {isa = PBXFileReference; lastKnownFileType = sourcecode.swift; path = DownloadViewController.swift; sourceTree = "<group>"; };
		C997F0032BF5DB7E001BB4E0 /* SearchViewController.swift */ = {isa = PBXFileReference; lastKnownFileType = sourcecode.swift; path = SearchViewController.swift; sourceTree = "<group>"; };
/* End PBXFileReference section */

/* Begin PBXFrameworksBuildPhase section */
		C991C73F2BF3789500BCFB0F /* Frameworks */ = {
			isa = PBXFrameworksBuildPhase;
			buildActionMask = 2147483647;
			files = (
			);
			runOnlyForDeploymentPostprocessing = 0;
		};
/* End PBXFrameworksBuildPhase section */

/* Begin PBXGroup section */
		C991C7392BF3789500BCFB0F = {
			isa = PBXGroup;
			children = (
				C991C7442BF3789500BCFB0F /* ISAKFLIX */,
				C991C7432BF3789500BCFB0F /* Products */,
			);
			sourceTree = "<group>";
		};
		C991C7432BF3789500BCFB0F /* Products */ = {
			isa = PBXGroup;
			children = (
				C991C7422BF3789500BCFB0F /* ISAKFLIX.app */,
			);
			name = Products;
			sourceTree = "<group>";
		};
		C991C7442BF3789500BCFB0F /* ISAKFLIX */ = {
			isa = PBXGroup;
			children = (
				C997F0002BF5DB4C001BB4E0 /* Movie */,
				C991C7452BF3789500BCFB0F /* AppDelegate.swift */,
				C991C7472BF3789500BCFB0F /* SceneDelegate.swift */,
				C991C74B2BF3789500BCFB0F /* Main.storyboard */,
				C991C74E2BF3789600BCFB0F /* Assets.xcassets */,
				C991C7502BF3789600BCFB0F /* LaunchScreen.storyboard */,
				C991C7532BF3789600BCFB0F /* Info.plist */,
			);
			path = ISAKFLIX;
			sourceTree = "<group>";
		};
		C997F0002BF5DB4C001BB4E0 /* Movie */ = {
			isa = PBXGroup;
			children = (
				C997F0012BF5DB69001BB4E0 /* DownloadViewController.swift */,
				C997F0032BF5DB7E001BB4E0 /* SearchViewController.swift */,
				C920234C2BF63536004E47FF /* HomeViewController.swift */,
				C920234E2BF653D5004E47FF /* LoginViewController.swift */,
			);
			path = Movie;
			sourceTree = "<group>";
		};
/* End PBXGroup section */

/* Begin PBXNativeTarget section */
		C991C7412BF3789500BCFB0F /* ISAKFLIX */ = {
			isa = PBXNativeTarget;
			buildConfigurationList = C991C7562BF3789600BCFB0F /* Build configuration list for PBXNativeTarget "ISAKFLIX" */;
			buildPhases = (
				C991C73E2BF3789500BCFB0F /* Sources */,
				C991C73F2BF3789500BCFB0F /* Frameworks */,
				C991C7402BF3789500BCFB0F /* Resources */,
			);
			buildRules = (
			);
			dependencies = (
			);
			name = ISAKFLIX;
			productName = ISAKFLIX;
			productReference = C991C7422BF3789500BCFB0F /* ISAKFLIX.app */;
			productType = "com.apple.product-type.application";
		};
/* End PBXNativeTarget section */

/* Begin PBXProject section */
		C991C73A2BF3789500BCFB0F /* Project object */ = {
			isa = PBXProject;
			attributes = {
				BuildIndependentTargetsInParallel = 1;
				LastSwiftUpdateCheck = 1530;
				LastUpgradeCheck = 1530;
				TargetAttributes = {
					C991C7412BF3789500BCFB0F = {
						CreatedOnToolsVersion = 15.3;
					};
				};
			};
			buildConfigurationList = C991C73D2BF3789500BCFB0F /* Build configuration list for PBXProject "ISAKFLIX" */;
			compatibilityVersion = "Xcode 14.0";
			developmentRegion = en;
			hasScannedForEncodings = 0;
			knownRegions = (
				en,
				Base,
			);
			mainGroup = C991C7392BF3789500BCFB0F;
			productRefGroup = C991C7432BF3789500BCFB0F /* Products */;
			projectDirPath = "";
			projectRoot = "";
			targets = (
				C991C7412BF3789500BCFB0F /* ISAKFLIX */,
			);
		};
/* End PBXProject section */

/* Begin PBXResourcesBuildPhase section */
		C991C7402BF3789500BCFB0F /* Resources */ = {
			isa = PBXResourcesBuildPhase;
			buildActionMask = 2147483647;
			files = (
				C991C74F2BF3789600BCFB0F /* Assets.xcassets in Resources */,
				C991C7522BF3789600BCFB0F /* Base in Resources */,
				C991C74D2BF3789500BCFB0F /* Base in Resources */,
			);
			runOnlyForDeploymentPostprocessing = 0;
		};
/* End PBXResourcesBuildPhase section */

/* Begin PBXSourcesBuildPhase section */
		C991C73E2BF3789500BCFB0F /* Sources */ = {
			isa = PBXSourcesBuildPhase;
			buildActionMask = 2147483647;
			files = (
				C920234F2BF653D5004E47FF /* LoginViewController.swift in Sources */,
				C920234D2BF63536004E47FF /* HomeViewController.swift in Sources */,
				C997F0042BF5DB7E001BB4E0 /* SearchViewController.swift in Sources */,
				C991C7462BF3789500BCFB0F /* AppDelegate.swift in Sources */,
				C997F0022BF5DB69001BB4E0 /* DownloadViewController.swift in Sources */,
				C991C7482BF3789500BCFB0F /* SceneDelegate.swift in Sources */,
			);
			runOnlyForDeploymentPostprocessing = 0;
		};
/* End PBXSourcesBuildPhase section */

/* Begin PBXVariantGroup section */
		C991C74B2BF3789500BCFB0F /* Main.storyboard */ = {
			isa = PBXVariantGroup;
			children = (
				C991C74C2BF3789500BCFB0F /* Base */,
			);
			name = Main.storyboard;
			sourceTree = "<group>";
		};
		C991C7502BF3789600BCFB0F /* LaunchScreen.storyboard */ = {
			isa = PBXVariantGroup;
			children = (
				C991C7512BF3789600BCFB0F /* Base */,
			);
			name = LaunchScreen.storyboard;
			sourceTree = "<group>";
		};
/* End PBXVariantGroup section */

/* Begin XCBuildConfiguration section */
		C991C7542BF3789600BCFB0F /* Debug */ = {
			isa = XCBuildConfiguration;
			buildSettings = {
				ALWAYS_SEARCH_USER_PATHS = NO;
				ASSETCATALOG_COMPILER_GENERATE_SWIFT_ASSET_SYMBOL_EXTENSIONS = YES;
				CLANG_ANALYZER_NONNULL = YES;
				CLANG_ANALYZER_NUMBER_OBJECT_CONVERSION = YES_AGGRESSIVE;
				CLANG_CXX_LANGUAGE_STANDARD = "gnu++20";
				CLANG_ENABLE_MODULES = YES;
				CLANG_ENABLE_OBJC_ARC = YES;
				CLANG_ENABLE_OBJC_WEAK = YES;
				CLANG_WARN_BLOCK_CAPTURE_AUTORELEASING = YES;
				CLANG_WARN_BOOL_CONVERSION = YES;
				CLANG_WARN_COMMA = YES;
				CLANG_WARN_CONSTANT_CONVERSION = YES;
				CLANG_WARN_DEPRECATED_OBJC_IMPLEMENTATIONS = YES;
				CLANG_WARN_DIRECT_OBJC_ISA_USAGE = YES_ERROR;
				CLANG_WARN_DOCUMENTATION_COMMENTS = YES;
				CLANG_WARN_EMPTY_BODY = YES;
				CLANG_WARN_ENUM_CONVERSION = YES;
				CLANG_WARN_INFINITE_RECURSION = YES;
				CLANG_WARN_INT_CONVERSION = YES;
				CLANG_WARN_NON_LITERAL_NULL_CONVERSION = YES;
				CLANG_WARN_OBJC_IMPLICIT_RETAIN_SELF = YES;
				CLANG_WARN_OBJC_LITERAL_CONVERSION = YES;
				CLANG_WARN_OBJC_ROOT_CLASS = YES_ERROR;
				CLANG_WARN_QUOTED_INCLUDE_IN_FRAMEWORK_HEADER = YES;
				CLANG_WARN_RANGE_LOOP_ANALYSIS = YES;
				CLANG_WARN_STRICT_PROTOTYPES = YES;
				CLANG_WARN_SUSPICIOUS_MOVE = YES;
				CLANG_WARN_UNGUARDED_AVAILABILITY = YES_AGGRESSIVE;
				CLANG_WARN_UNREACHABLE_CODE = YES;
				CLANG_WARN__DUPLICATE_METHOD_MATCH = YES;
				COPY_PHASE_STRIP = NO;
				DEBUG_INFORMATION_FORMAT = dwarf;
				ENABLE_STRICT_OBJC_MSGSEND = YES;
				ENABLE_TESTABILITY = YES;
				ENABLE_USER_SCRIPT_SANDBOXING = YES;
				GCC_C_LANGUAGE_STANDARD = gnu17;
				GCC_DYNAMIC_NO_PIC = NO;
				GCC_NO_COMMON_BLOCKS = YES;
				GCC_OPTIMIZATION_LEVEL = 0;
				GCC_PREPROCESSOR_DEFINITIONS = (
					"DEBUG=1",
					"$(inherited)",
				);
				GCC_WARN_64_TO_32_BIT_CONVERSION = YES;
				GCC_WARN_ABOUT_RETURN_TYPE = YES_ERROR;
				GCC_WARN_UNDECLARED_SELECTOR = YES;
				GCC_WARN_UNINITIALIZED_AUTOS = YES_AGGRESSIVE;
				GCC_WARN_UNUSED_FUNCTION = YES;
				GCC_WARN_UNUSED_VARIABLE = YES;
				IPHONEOS_DEPLOYMENT_TARGET = 17.4;
				LOCALIZATION_PREFERS_STRING_CATALOGS = YES;
				MTL_ENABLE_DEBUG_INFO = INCLUDE_SOURCE;
				MTL_FAST_MATH = YES;
				ONLY_ACTIVE_ARCH = YES;
				SDKROOT = iphoneos;
				SWIFT_ACTIVE_COMPILATION_CONDITIONS = "DEBUG $(inherited)";
				SWIFT_OPTIMIZATION_LEVEL = "-Onone";
			};
			name = Debug;
		};
		C991C7552BF3789600BCFB0F /* Release */ = {
			isa = XCBuildConfiguration;
			buildSettings = {
				ALWAYS_SEARCH_USER_PATHS = NO;
				ASSETCATALOG_COMPILER_GENERATE_SWIFT_ASSET_SYMBOL_EXTENSIONS = YES;
				CLANG_ANALYZER_NONNULL = YES;
				CLANG_ANALYZER_NUMBER_OBJECT_CONVERSION = YES_AGGRESSIVE;
				CLANG_CXX_LANGUAGE_STANDARD = "gnu++20";
				CLANG_ENABLE_MODULES = YES;
				CLANG_ENABLE_OBJC_ARC = YES;
				CLANG_ENABLE_OBJC_WEAK = YES;
				CLANG_WARN_BLOCK_CAPTURE_AUTORELEASING = YES;
				CLANG_WARN_BOOL_CONVERSION = YES;
				CLANG_WARN_COMMA = YES;
				CLANG_WARN_CONSTANT_CONVERSION = YES;
				CLANG_WARN_DEPRECATED_OBJC_IMPLEMENTATIONS = YES;
				CLANG_WARN_DIRECT_OBJC_ISA_USAGE = YES_ERROR;
				CLANG_WARN_DOCUMENTATION_COMMENTS = YES;
				CLANG_WARN_EMPTY_BODY = YES;
				CLANG_WARN_ENUM_CONVERSION = YES;
				CLANG_WARN_INFINITE_RECURSION = YES;
				CLANG_WARN_INT_CONVERSION = YES;
				CLANG_WARN_NON_LITERAL_NULL_CONVERSION = YES;
				CLANG_WARN_OBJC_IMPLICIT_RETAIN_SELF = YES;
				CLANG_WARN_OBJC_LITERAL_CONVERSION = YES;
				CLANG_WARN_OBJC_ROOT_CLASS = YES_ERROR;
				CLANG_WARN_QUOTED_INCLUDE_IN_FRAMEWORK_HEADER = YES;
				CLANG_WARN_RANGE_LOOP_ANALYSIS = YES;
				CLANG_WARN_STRICT_PROTOTYPES = YES;
				CLANG_WARN_SUSPICIOUS_MOVE = YES;
				CLANG_WARN_UNGUARDED_AVAILABILITY = YES_AGGRESSIVE;
				CLANG_WARN_UNREACHABLE_CODE = YES;
				CLANG_WARN__DUPLICATE_METHOD_MATCH = YES;
				COPY_PHASE_STRIP = NO;
				DEBUG_INFORMATION_FORMAT = "dwarf-with-dsym";
				ENABLE_NS_ASSERTIONS = NO;
				ENABLE_STRICT_OBJC_MSGSEND = YES;
				ENABLE_USER_SCRIPT_SANDBOXING = YES;
				GCC_C_LANGUAGE_STANDARD = gnu17;
				GCC_NO_COMMON_BLOCKS = YES;
				GCC_WARN_64_TO_32_BIT_CONVERSION = YES;
				GCC_WARN_ABOUT_RETURN_TYPE = YES_ERROR;
				GCC_WARN_UNDECLARED_SELECTOR = YES;
				GCC_WARN_UNINITIALIZED_AUTOS = YES_AGGRESSIVE;
				GCC_WARN_UNUSED_FUNCTION = YES;
				GCC_WARN_UNUSED_VARIABLE = YES;
				IPHONEOS_DEPLOYMENT_TARGET = 17.4;
				LOCALIZATION_PREFERS_STRING_CATALOGS = YES;
				MTL_ENABLE_DEBUG_INFO = NO;
				MTL_FAST_MATH = YES;
				SDKROOT = iphoneos;
				SWIFT_COMPILATION_MODE = wholemodule;
				VALIDATE_PRODUCT = YES;
			};
			name = Release;
		};
		C991C7572BF3789600BCFB0F /* Debug */ = {
			isa = XCBuildConfiguration;
			buildSettings = {
				ASSETCATALOG_COMPILER_APPICON_NAME = AppIcon;
				ASSETCATALOG_COMPILER_GLOBAL_ACCENT_COLOR_NAME = AccentColor;
				CODE_SIGN_STYLE = Automatic;
				CURRENT_PROJECT_VERSION = 1;
				GENERATE_INFOPLIST_FILE = YES;
				INFOPLIST_FILE = ISAKFLIX/Info.plist;
				INFOPLIST_KEY_UIApplicationSupportsIndirectInputEvents = YES;
				INFOPLIST_KEY_UILaunchStoryboardName = LaunchScreen;
				INFOPLIST_KEY_UIMainStoryboardFile = Main;
				INFOPLIST_KEY_UISupportedInterfaceOrientations = UIInterfaceOrientationPortrait;
				INFOPLIST_KEY_UISupportedInterfaceOrientations_iPad = "UIInterfaceOrientationLandscapeLeft UIInterfaceOrientationLandscapeRight UIInterfaceOrientationPortrait UIInterfaceOrientationPortraitUpsideDown";
				IPHONEOS_DEPLOYMENT_TARGET = 16.0;
				LD_RUNPATH_SEARCH_PATHS = (
					"$(inherited)",
					"@executable_path/Frameworks",
				);
				MARKETING_VERSION = 1.0;
				PRODUCT_BUNDLE_IDENTIFIER = com.jisooHAM.ISAKFLIX;
				PRODUCT_NAME = "$(TARGET_NAME)";
				SUPPORTED_PLATFORMS = "iphoneos iphonesimulator";
				SUPPORTS_MACCATALYST = NO;
				SUPPORTS_MAC_DESIGNED_FOR_IPHONE_IPAD = NO;
				SUPPORTS_XR_DESIGNED_FOR_IPHONE_IPAD = NO;
				SWIFT_EMIT_LOC_STRINGS = YES;
				SWIFT_VERSION = 5.0;
				TARGETED_DEVICE_FAMILY = 1;
			};
			name = Debug;
		};
		C991C7582BF3789600BCFB0F /* Release */ = {
			isa = XCBuildConfiguration;
			buildSettings = {
				ASSETCATALOG_COMPILER_APPICON_NAME = AppIcon;
				ASSETCATALOG_COMPILER_GLOBAL_ACCENT_COLOR_NAME = AccentColor;
				CODE_SIGN_STYLE = Automatic;
				CURRENT_PROJECT_VERSION = 1;
				GENERATE_INFOPLIST_FILE = YES;
				INFOPLIST_FILE = ISAKFLIX/Info.plist;
				INFOPLIST_KEY_UIApplicationSupportsIndirectInputEvents = YES;
				INFOPLIST_KEY_UILaunchStoryboardName = LaunchScreen;
				INFOPLIST_KEY_UIMainStoryboardFile = Main;
				INFOPLIST_KEY_UISupportedInterfaceOrientations = UIInterfaceOrientationPortrait;
				INFOPLIST_KEY_UISupportedInterfaceOrientations_iPad = "UIInterfaceOrientationLandscapeLeft UIInterfaceOrientationLandscapeRight UIInterfaceOrientationPortrait UIInterfaceOrientationPortraitUpsideDown";
				IPHONEOS_DEPLOYMENT_TARGET = 16.0;
				LD_RUNPATH_SEARCH_PATHS = (
					"$(inherited)",
					"@executable_path/Frameworks",
				);
				MARKETING_VERSION = 1.0;
				PRODUCT_BUNDLE_IDENTIFIER = com.jisooHAM.ISAKFLIX;
				PRODUCT_NAME = "$(TARGET_NAME)";
				SUPPORTED_PLATFORMS = "iphoneos iphonesimulator";
				SUPPORTS_MACCATALYST = NO;
				SUPPORTS_MAC_DESIGNED_FOR_IPHONE_IPAD = NO;
				SUPPORTS_XR_DESIGNED_FOR_IPHONE_IPAD = NO;
				SWIFT_EMIT_LOC_STRINGS = YES;
				SWIFT_VERSION = 5.0;
				TARGETED_DEVICE_FAMILY = 1;
			};
			name = Release;
		};
/* End XCBuildConfiguration section */

/* Begin XCConfigurationList section */
		C991C73D2BF3789500BCFB0F /* Build configuration list for PBXProject "ISAKFLIX" */ = {
			isa = XCConfigurationList;
			buildConfigurations = (
				C991C7542BF3789600BCFB0F /* Debug */,
				C991C7552BF3789600BCFB0F /* Release */,
			);
			defaultConfigurationIsVisible = 0;
			defaultConfigurationName = Release;
		};
		C991C7562BF3789600BCFB0F /* Build configuration list for PBXNativeTarget "ISAKFLIX" */ = {
			isa = XCConfigurationList;
			buildConfigurations = (
				C991C7572BF3789600BCFB0F /* Debug */,
				C991C7582BF3789600BCFB0F /* Release */,
			);
			defaultConfigurationIsVisible = 0;
			defaultConfigurationName = Release;
		};
/* End XCConfigurationList section */
	};
	rootObject = C991C73A2BF3789500BCFB0F /* Project object */;
}
